// !$*UTF8*$!
{
	archiveVersion = 1;
	classes = {
	};
	objectVersion = 56;
	objects = {

/* Begin PBXBuildFile section */
		88ABACE0259DE83261737B99 /* SceneDelegate.swift in Sources */ = {isa = PBXBuildFile; fileRef = 1285E8A7B7E7359EA11B9591 /* SceneDelegate.swift */; };
		FB110FED2EA1509700F11279 /* FirebaseAI in Frameworks */ = {isa = PBXBuildFile; productRef = FB110FEC2EA1509700F11279 /* FirebaseAI */; };
		FB110FEF2EA1509700F11279 /* FirebaseAnalytics in Frameworks */ = {isa = PBXBuildFile; productRef = FB110FEE2EA1509700F11279 /* FirebaseAnalytics */; };
		FB110FF12EA1509700F11279 /* FirebaseAnalyticsCore in Frameworks */ = {isa = PBXBuildFile; productRef = FB110FF02EA1509700F11279 /* FirebaseAnalyticsCore */; };
		FB110FF32EA1509700F11279 /* FirebaseAnalyticsIdentitySupport in Frameworks */ = {isa = PBXBuildFile; productRef = FB110FF22EA1509700F11279 /* FirebaseAnalyticsIdentitySupport */; };
		FB110FF52EA1509700F11279 /* FirebaseAppCheck in Frameworks */ = {isa = PBXBuildFile; productRef = FB110FF42EA1509700F11279 /* FirebaseAppCheck */; };
		FB110FF72EA150E100F11279 /* FirebaseAI in Frameworks */ = {isa = PBXBuildFile; productRef = FB110FF62EA150E100F11279 /* FirebaseAI */; };
		FB110FF92EA150E100F11279 /* FirebaseAnalytics in Frameworks */ = {isa = PBXBuildFile; productRef = FB110FF82EA150E100F11279 /* FirebaseAnalytics */; };
		FB110FFB2EA150E100F11279 /* FirebaseAnalyticsCore in Frameworks */ = {isa = PBXBuildFile; productRef = FB110FFA2EA150E100F11279 /* FirebaseAnalyticsCore */; };
		FB110FFD2EA150E100F11279 /* FirebaseAnalyticsIdentitySupport in Frameworks */ = {isa = PBXBuildFile; productRef = FB110FFC2EA150E100F11279 /* FirebaseAnalyticsIdentitySupport */; };
		FB110FFF2EA150E100F11279 /* FirebaseAppCheck in Frameworks */ = {isa = PBXBuildFile; productRef = FB110FFE2EA150E100F11279 /* FirebaseAppCheck */; };
		FB21EC032EA1502200207E53 /* FirebaseAnalyticsCore in Frameworks */ = {isa = PBXBuildFile; productRef = FB21EC022EA1502200207E53 /* FirebaseAnalyticsCore */; };
		FB3B66A02EA5404600EBB707 /* FirebaseAppDistribution-Beta in Frameworks */ = {isa = PBXBuildFile; productRef = FB3B669F2EA5404600EBB707 /* FirebaseAppDistribution-Beta */; };
		FB3B66A22EA5404600EBB707 /* FirebaseAuth in Frameworks */ = {isa = PBXBuildFile; productRef = FB3B66A12EA5404600EBB707 /* FirebaseAuth */; };
		FB3B66A42EA5404600EBB707 /* FirebaseCore in Frameworks */ = {isa = PBXBuildFile; productRef = FB3B66A32EA5404600EBB707 /* FirebaseCore */; };
		FB3B66A62EA5404600EBB707 /* FirebaseCrashlytics in Frameworks */ = {isa = PBXBuildFile; productRef = FB3B66A52EA5404600EBB707 /* FirebaseCrashlytics */; };
		FB3B66A82EA5404600EBB707 /* FirebaseFirestore in Frameworks */ = {isa = PBXBuildFile; productRef = FB3B66A72EA5404600EBB707 /* FirebaseFirestore */; };
		FB3B66AA2EA5404600EBB707 /* FirebaseFirestoreCombine-Community in Frameworks */ = {isa = PBXBuildFile; productRef = FB3B66A92EA5404600EBB707 /* FirebaseFirestoreCombine-Community */; };
		FB3B66AC2EA5404600EBB707 /* FirebaseInAppMessaging-Beta in Frameworks */ = {isa = PBXBuildFile; productRef = FB3B66AB2EA5404600EBB707 /* FirebaseInAppMessaging-Beta */; };
		FB3B66AE2EA5404600EBB707 /* FirebaseMessaging in Frameworks */ = {isa = PBXBuildFile; productRef = FB3B66AD2EA5404600EBB707 /* FirebaseMessaging */; };
		FB3B66B02EA5404600EBB707 /* FirebasePerformance in Frameworks */ = {isa = PBXBuildFile; productRef = FB3B66AF2EA5404600EBB707 /* FirebasePerformance */; };
		FB3B66B22EA5404600EBB707 /* FirebaseRemoteConfig in Frameworks */ = {isa = PBXBuildFile; productRef = FB3B66B12EA5404600EBB707 /* FirebaseRemoteConfig */; };
		FB3B66B42EA5404600EBB707 /* FirebaseStorage in Frameworks */ = {isa = PBXBuildFile; productRef = FB3B66B32EA5404600EBB707 /* FirebaseStorage */; };
		FB3B66B62EA5404600EBB707 /* FirebaseStorageCombine-Community in Frameworks */ = {isa = PBXBuildFile; productRef = FB3B66B52EA5404600EBB707 /* FirebaseStorageCombine-Community */; };
		FB3B66B92EA5408000EBB707 /* GoogleSignIn in Frameworks */ = {isa = PBXBuildFile; productRef = FB3B66B82EA5408000EBB707 /* GoogleSignIn */; };
		FB3B66BB2EA5408000EBB707 /* GoogleSignInSwift in Frameworks */ = {isa = PBXBuildFile; productRef = FB3B66BA2EA5408000EBB707 /* GoogleSignInSwift */; };
		FB768F192E6F6E4B00DD44F2 /* libsqlite3.tbd in Frameworks */ = {isa = PBXBuildFile; fileRef = FB768F182E6F6E3F00DD44F2 /* libsqlite3.tbd */; };
		FB768F1A2E6F6E5600DD44F2 /* libsqlite3.tbd in Frameworks */ = {isa = PBXBuildFile; fileRef = FB768F182E6F6E3F00DD44F2 /* libsqlite3.tbd */; };
		FBB6D9CF2EA69C2A004A20DC /* FirebaseCore in Frameworks */ = {isa = PBXBuildFile; productRef = FBB6D9CE2EA69C2A004A20DC /* FirebaseCore */; };
		FBCCD1222EA707D500ABA501 /* Shared.framework in Frameworks */ = {isa = PBXBuildFile; fileRef = FBCCD11C2EA6FD1600ABA501 /* Shared.framework */; };
		FDE52B8D57A097A60A4CF366 /* AppDelegate.swift in Sources */ = {isa = PBXBuildFile; fileRef = 8B6C1F485E0CF8BB70C9DDD2 /* AppDelegate.swift */; };
		FBF71E202FA1234500ABCDEF /* GoogleService-Info.plist in Resources */ = {isa = PBXBuildFile; fileRef = FBF71E1F2FA1234500ABCDEF /* GoogleService-Info.plist */; };
/* End PBXBuildFile section */

/* Begin PBXContainerItemProxy section */
		FB05269A2E6E5B6E008B31BB /* PBXContainerItemProxy */ = {
			isa = PBXContainerItemProxy;
			containerPortal = 242FB5348943441C388468CE /* Project object */;
			proxyType = 1;
			remoteGlobalIDString = FB0526882E6E5B6C008B31BB;
			remoteInfo = amazingnote;
		};
		FB0526A42E6E5B6E008B31BB /* PBXContainerItemProxy */ = {
			isa = PBXContainerItemProxy;
			containerPortal = 242FB5348943441C388468CE /* Project object */;
			proxyType = 1;
			remoteGlobalIDString = FB0526882E6E5B6C008B31BB;
			remoteInfo = amazingnote;
		};
/* End PBXContainerItemProxy section */

/* Begin PBXFileReference section */
		1285E8A7B7E7359EA11B9591 /* SceneDelegate.swift */ = {isa = PBXFileReference; lastKnownFileType = sourcecode.swift; path = SceneDelegate.swift; sourceTree = "<group>"; };
		86038AE1032E284E79B32AD6 /* iosApp.app */ = {isa = PBXFileReference; explicitFileType = wrapper.application; includeInIndex = 0; path = iosApp.app; sourceTree = BUILT_PRODUCTS_DIR; };
		8B6C1F485E0CF8BB70C9DDD2 /* AppDelegate.swift */ = {isa = PBXFileReference; lastKnownFileType = sourcecode.swift; path = AppDelegate.swift; sourceTree = "<group>"; };
		FB0526892E6E5B6C008B31BB /* amazingnote.app */ = {isa = PBXFileReference; explicitFileType = wrapper.application; includeInIndex = 0; path = amazingnote.app; sourceTree = BUILT_PRODUCTS_DIR; };
		FB0526992E6E5B6E008B31BB /* amazingnoteTests.xctest */ = {isa = PBXFileReference; explicitFileType = wrapper.cfbundle; includeInIndex = 0; path = amazingnoteTests.xctest; sourceTree = BUILT_PRODUCTS_DIR; };
		FB0526A32E6E5B6E008B31BB /* amazingnoteUITests.xctest */ = {isa = PBXFileReference; explicitFileType = wrapper.cfbundle; includeInIndex = 0; path = amazingnoteUITests.xctest; sourceTree = BUILT_PRODUCTS_DIR; };
		FB768F182E6F6E3F00DD44F2 /* libsqlite3.tbd */ = {isa = PBXFileReference; lastKnownFileType = "sourcecode.text-based-dylib-definition"; name = libsqlite3.tbd; path = usr/lib/libsqlite3.tbd; sourceTree = SDKROOT; };
		FBCCD1192EA6FCF700ABA501 /* Shared.framework */ = {isa = PBXFileReference; lastKnownFileType = wrapper.framework; name = Shared.framework; path = "../shared/build/xcode-frameworks/Debug/iphoneos26.0/Shared.framework"; sourceTree = "<group>"; };
		FBCCD11C2EA6FD1600ABA501 /* Shared.framework */ = {isa = PBXFileReference; lastKnownFileType = wrapper.framework; path = Shared.framework; sourceTree = "<group>"; };
		FBD56A2D2EA6530800C3D67E /* Shared.framework */ = {isa = PBXFileReference; lastKnownFileType = wrapper.framework; name = Shared.framework; path = ../shared/build/bin/iosArm64/debugFramework/Shared.framework; sourceTree = "<group>"; };
		FBD56A312EA6532100C3D67E /* Shared.framework */ = {isa = PBXFileReference; lastKnownFileType = wrapper.framework; name = Shared.framework; path = ../shared/build/bin/iosSimulatorArm64/debugFramework/Shared.framework; sourceTree = "<group>"; };
		FBF71E1F2FA1234500ABCDEF /* GoogleService-Info.plist */ = {isa = PBXFileReference; lastKnownFileType = text.plist.xml; path = "GoogleService-Info.plist"; sourceTree = "<group>"; };
/* End PBXFileReference section */

/* Begin PBXFrameworksBuildPhase section */
		E4F1A5D83BA204744AD54907 /* Frameworks */ = {
			isa = PBXFrameworksBuildPhase;
			buildActionMask = 2147483647;
			files = (
				FBCCD1222EA707D500ABA501 /* Shared.framework in Frameworks */,
				FB3B66AA2EA5404600EBB707 /* FirebaseFirestoreCombine-Community in Frameworks */,
				FB3B66AC2EA5404600EBB707 /* FirebaseInAppMessaging-Beta in Frameworks */,
				FB768F192E6F6E4B00DD44F2 /* libsqlite3.tbd in Frameworks */,
				FB21EC032EA1502200207E53 /* FirebaseAnalyticsCore in Frameworks */,
				FB3B66B22EA5404600EBB707 /* FirebaseRemoteConfig in Frameworks */,
				FB3B66B92EA5408000EBB707 /* GoogleSignIn in Frameworks */,
				FBB6D9CF2EA69C2A004A20DC /* FirebaseCore in Frameworks */,
				FB110FF32EA1509700F11279 /* FirebaseAnalyticsIdentitySupport in Frameworks */,
				FB3B66B62EA5404600EBB707 /* FirebaseStorageCombine-Community in Frameworks */,
				FB110FF12EA1509700F11279 /* FirebaseAnalyticsCore in Frameworks */,
				FB3B66BB2EA5408000EBB707 /* GoogleSignInSwift in Frameworks */,
				FB3B66B02EA5404600EBB707 /* FirebasePerformance in Frameworks */,
				FB3B66A22EA5404600EBB707 /* FirebaseAuth in Frameworks */,
				FB3B66A82EA5404600EBB707 /* FirebaseFirestore in Frameworks */,
				FB3B66A62EA5404600EBB707 /* FirebaseCrashlytics in Frameworks */,
				FB3B66B42EA5404600EBB707 /* FirebaseStorage in Frameworks */,
				FB110FF52EA1509700F11279 /* FirebaseAppCheck in Frameworks */,
				FB3B66A42EA5404600EBB707 /* FirebaseCore in Frameworks */,
				FB110FEF2EA1509700F11279 /* FirebaseAnalytics in Frameworks */,
				FB3B66AE2EA5404600EBB707 /* FirebaseMessaging in Frameworks */,
				FB110FED2EA1509700F11279 /* FirebaseAI in Frameworks */,
				FB3B66A02EA5404600EBB707 /* FirebaseAppDistribution-Beta in Frameworks */,
			);
			runOnlyForDeploymentPostprocessing = 0;
		};
		FB0526862E6E5B6C008B31BB /* Frameworks */ = {
			isa = PBXFrameworksBuildPhase;
			buildActionMask = 2147483647;
			files = (
				FB768F1A2E6F6E5600DD44F2 /* libsqlite3.tbd in Frameworks */,
				FB110FFD2EA150E100F11279 /* FirebaseAnalyticsIdentitySupport in Frameworks */,
				FB110FF72EA150E100F11279 /* FirebaseAI in Frameworks */,
				FB110FF92EA150E100F11279 /* FirebaseAnalytics in Frameworks */,
				FB110FFF2EA150E100F11279 /* FirebaseAppCheck in Frameworks */,
				FB110FFB2EA150E100F11279 /* FirebaseAnalyticsCore in Frameworks */,
			);
			runOnlyForDeploymentPostprocessing = 0;
		};
		FB0526962E6E5B6E008B31BB /* Frameworks */ = {
			isa = PBXFrameworksBuildPhase;
			buildActionMask = 2147483647;
			files = (
			);
			runOnlyForDeploymentPostprocessing = 0;
		};
		FB0526A02E6E5B6E008B31BB /* Frameworks */ = {
			isa = PBXFrameworksBuildPhase;
			buildActionMask = 2147483647;
			files = (
			);
			runOnlyForDeploymentPostprocessing = 0;
		};
/* End PBXFrameworksBuildPhase section */

/* Begin PBXGroup section */
		1DB4B685CAEE8BEFEBBAEF94 /* iosApp */ = {
			isa = PBXGroup;
			children = (
				8B6C1F485E0CF8BB70C9DDD2 /* AppDelegate.swift */,
				1285E8A7B7E7359EA11B9591 /* SceneDelegate.swift */,
				FBF71E1F2FA1234500ABCDEF /* GoogleService-Info.plist */,
			);
			path = iosApp;
			sourceTree = "<group>";
		};
		38B69C3F79CD97858CF7B609 = {
			isa = PBXGroup;
			children = (
				1DB4B685CAEE8BEFEBBAEF94 /* iosApp */,
				FB05268A2E6E5B6C008B31BB /* amazingnote */,
				FB05269C2E6E5B6E008B31BB /* amazingnoteTests */,
				FB0526A62E6E5B6E008B31BB /* amazingnoteUITests */,
				94C98B8B3A2BFC1966447269 /* Products */,
				FB768F172E6F6E3F00DD44F2 /* Frameworks */,
			);
			sourceTree = "<group>";
		};
		94C98B8B3A2BFC1966447269 /* Products */ = {
			isa = PBXGroup;
			children = (
				86038AE1032E284E79B32AD6 /* iosApp.app */,
				FB0526892E6E5B6C008B31BB /* amazingnote.app */,
				FB0526992E6E5B6E008B31BB /* amazingnoteTests.xctest */,
				FB0526A32E6E5B6E008B31BB /* amazingnoteUITests.xctest */,
			);
			name = Products;
			sourceTree = "<group>";
		};
		FB05268A2E6E5B6C008B31BB /* amazingnote */ = {
			isa = PBXGroup;
			children = (
			);
			path = amazingnote;
			sourceTree = "<group>";
		};
		FB05269C2E6E5B6E008B31BB /* amazingnoteTests */ = {
			isa = PBXGroup;
			children = (
			);
			path = amazingnoteTests;
			sourceTree = "<group>";
		};
		FB0526A62E6E5B6E008B31BB /* amazingnoteUITests */ = {
			isa = PBXGroup;
			children = (
			);
			path = amazingnoteUITests;
			sourceTree = "<group>";
		};
		FB768F172E6F6E3F00DD44F2 /* Frameworks */ = {
			isa = PBXGroup;
			children = (
				FBCCD11D2EA6FD1600ABA501 /* iphoneos26.0 */,
				FBD56A2D2EA6530800C3D67E /* Shared.framework */,
				FBD56A312EA6532100C3D67E /* Shared.framework */,
				FBCCD1192EA6FCF700ABA501 /* Shared.framework */,
				FB768F182E6F6E3F00DD44F2 /* libsqlite3.tbd */,
			);
			name = Frameworks;
			sourceTree = "<group>";
		};
		FBCCD11D2EA6FD1600ABA501 /* iphoneos26.0 */ = {
			isa = PBXGroup;
			children = (
				FBCCD11C2EA6FD1600ABA501 /* Shared.framework */,
			);
			name = iphoneos26.0;
			path = "../shared/build/xcode-frameworks/Debug/iphoneos26.0";
			sourceTree = "<group>";
		};
/* End PBXGroup section */

/* Begin PBXNativeTarget section */
		78B53CC79860CBFC2F5543C6 /* iosApp */ = {
			isa = PBXNativeTarget;
			buildConfigurationList = 29DCA9F0B3A40325067EB163 /* Build configuration list for PBXNativeTarget "iosApp" */;
			buildPhases = (
				FBCCD1212EA7037700ABA501 /* ShellScript */,
				297B59D9CE634556D6007C40 /* Sources */,
				FBF71E102FA1234500ABCDEF /* Resources */,
				E4F1A5D83BA204744AD54907 /* Frameworks */,
			);
			buildRules = (
			);
			dependencies = (
			);
			name = iosApp;
			productName = iosApp;
			productReference = 86038AE1032E284E79B32AD6 /* iosApp.app */;
			productType = "com.apple.product-type.application";
		};
		FB0526882E6E5B6C008B31BB /* amazingnote */ = {
			isa = PBXNativeTarget;
			buildConfigurationList = FB0526B12E6E5B6E008B31BB /* Build configuration list for PBXNativeTarget "amazingnote" */;
			buildPhases = (
				FB0526852E6E5B6C008B31BB /* Sources */,
				FB0526862E6E5B6C008B31BB /* Frameworks */,
				FB0526872E6E5B6C008B31BB /* Resources */,
			);
			buildRules = (
			);
			dependencies = (
			);
			name = amazingnote;
			productName = amazingnote;
			productReference = FB0526892E6E5B6C008B31BB /* amazingnote.app */;
			productType = "com.apple.product-type.application";
		};
		FB0526982E6E5B6E008B31BB /* amazingnoteTests */ = {
			isa = PBXNativeTarget;
			buildConfigurationList = FB0526B22E6E5B6E008B31BB /* Build configuration list for PBXNativeTarget "amazingnoteTests" */;
			buildPhases = (
				FB0526952E6E5B6E008B31BB /* Sources */,
				FB0526962E6E5B6E008B31BB /* Frameworks */,
				FB0526972E6E5B6E008B31BB /* Resources */,
			);
			buildRules = (
			);
			dependencies = (
				FB05269B2E6E5B6E008B31BB /* PBXTargetDependency */,
			);
			name = amazingnoteTests;
			productName = amazingnoteTests;
			productReference = FB0526992E6E5B6E008B31BB /* amazingnoteTests.xctest */;
			productType = "com.apple.product-type.bundle.unit-test";
		};
		FB0526A22E6E5B6E008B31BB /* amazingnoteUITests */ = {
			isa = PBXNativeTarget;
			buildConfigurationList = FB0526B32E6E5B6E008B31BB /* Build configuration list for PBXNativeTarget "amazingnoteUITests" */;
			buildPhases = (
				FB05269F2E6E5B6E008B31BB /* Sources */,
				FB0526A02E6E5B6E008B31BB /* Frameworks */,
				FB0526A12E6E5B6E008B31BB /* Resources */,
			);
			buildRules = (
			);
			dependencies = (
				FB0526A52E6E5B6E008B31BB /* PBXTargetDependency */,
			);
			name = amazingnoteUITests;
			productName = amazingnoteUITests;
			productReference = FB0526A32E6E5B6E008B31BB /* amazingnoteUITests.xctest */;
			productType = "com.apple.product-type.bundle.ui-testing";
		};
/* End PBXNativeTarget section */

/* Begin PBXProject section */
		242FB5348943441C388468CE /* Project object */ = {
			isa = PBXProject;
			attributes = {
				BuildIndependentTargetsInParallel = YES;
				LastSwiftUpdateCheck = 1610;
				LastUpgradeCheck = 1430;
				TargetAttributes = {
					FB0526882E6E5B6C008B31BB = {
						CreatedOnToolsVersion = 16.1;
					};
					FB0526982E6E5B6E008B31BB = {
						CreatedOnToolsVersion = 16.1;
						TestTargetID = FB0526882E6E5B6C008B31BB;
					};
					FB0526A22E6E5B6E008B31BB = {
						CreatedOnToolsVersion = 16.1;
						TestTargetID = FB0526882E6E5B6C008B31BB;
					};
				};
			};
			buildConfigurationList = FF7CA1CA754D017066F1822F /* Build configuration list for PBXProject "iosApp" */;
			compatibilityVersion = "Xcode 14.0";
			developmentRegion = en;
			hasScannedForEncodings = 0;
			knownRegions = (
				Base,
				en,
			);
			mainGroup = 38B69C3F79CD97858CF7B609;
			packageReferences = (
				FB56E8582E9C6B73006AFD41 /* XCRemoteSwiftPackageReference "PhoneNumberKit" */,
				FB21EC012EA1502200207E53 /* XCRemoteSwiftPackageReference "firebase-ios-sdk" */,
				FB3B66B72EA5408000EBB707 /* XCRemoteSwiftPackageReference "GoogleSignIn-iOS" */,
			);
			productRefGroup = 94C98B8B3A2BFC1966447269 /* Products */;
			projectDirPath = "";
			projectRoot = "";
			targets = (
				78B53CC79860CBFC2F5543C6 /* iosApp */,
				FB0526882E6E5B6C008B31BB /* amazingnote */,
				FB0526982E6E5B6E008B31BB /* amazingnoteTests */,
				FB0526A22E6E5B6E008B31BB /* amazingnoteUITests */,
			);
		};
/* End PBXProject section */

/* Begin PBXResourcesBuildPhase section */
		FB0526872E6E5B6C008B31BB /* Resources */ = {
			isa = PBXResourcesBuildPhase;
			buildActionMask = 2147483647;
			files = (
			);
			runOnlyForDeploymentPostprocessing = 0;
		};
		FB0526972E6E5B6E008B31BB /* Resources */ = {
			isa = PBXResourcesBuildPhase;
			buildActionMask = 2147483647;
			files = (
			);
			runOnlyForDeploymentPostprocessing = 0;
		};
		FB0526A12E6E5B6E008B31BB /* Resources */ = {
			isa = PBXResourcesBuildPhase;
			buildActionMask = 2147483647;
			files = (
			);
			runOnlyForDeploymentPostprocessing = 0;
		};
		FBF71E102FA1234500ABCDEF /* Resources */ = {
			isa = PBXResourcesBuildPhase;
			buildActionMask = 2147483647;
			files = (
				FBF71E202FA1234500ABCDEF /* GoogleService-Info.plist in Resources */,
			);
			runOnlyForDeploymentPostprocessing = 0;
		};
/* End PBXResourcesBuildPhase section */

/* Begin PBXShellScriptBuildPhase section */
		FBCCD1212EA7037700ABA501 /* ShellScript */ = {
			isa = PBXShellScriptBuildPhase;
			buildActionMask = 2147483647;
			files = (
			);
			inputFileListPaths = (
			);
			inputPaths = (
			);
			outputFileListPaths = (
			);
			outputPaths = (
				"$(CONFIGURATION_BUILD_DIR)/Shared.framework",
			);
			runOnlyForDeploymentPostprocessing = 0;
			shellPath = /bin/sh;
			shellScript = "cd \"$SRCROOT/..\"\n\nset -euo pipefail\n\nCOMPOSE_PLATFORM=\"${PLATFORM_NAME:-${SDK_NAME:-}}\"\nCOMPOSE_ARCHS=\"${ARCHS:-}\"\n\nif [ -z \"$COMPOSE_ARCHS\" ]; then\n  case \"${SDK_NAME:-}\" in\n    iphonesimulator*)\n      COMPOSE_ARCHS=\"arm64\"\n      echo \"ARCHS not provided; defaulting to arm64 for simulator\" >&2\n      ;;\n    iphoneos*)\n      COMPOSE_ARCHS=\"arm64\"\n      echo \"ARCHS not provided; defaulting to arm64 for device\" >&2\n      ;;\n  esac\nfi\n\nif [ -z \"${PLATFORM_NAME:-}\" ] && [ -n \"$COMPOSE_PLATFORM\" ]; then\n  export PLATFORM_NAME=\"$COMPOSE_PLATFORM\"\nfi\nif [ -z \"${ARCHS:-}\" ] && [ -n \"$COMPOSE_ARCHS\" ]; then\n  export ARCHS=\"$COMPOSE_ARCHS\"\nfi\n\nif [ -z \"${BUILT_PRODUCTS_DIR:-}\" ]; then\n  if [ -n \"${TARGET_BUILD_DIR:-}\" ]; then\n    export BUILT_PRODUCTS_DIR=\"$TARGET_BUILD_DIR\"\n  elif [ -n \"${CONFIGURATION_BUILD_DIR:-}\" ]; then\n    export BUILT_PRODUCTS_DIR=\"$CONFIGURATION_BUILD_DIR\"\n  fi\nfi\n\nif [ -z \"${UNLOCALIZED_RESOURCES_FOLDER_PATH:-}\" ]; then\n  if [ -n \"${FULL_PRODUCT_NAME:-}\" ]; then\n    export UNLOCALIZED_RESOURCES_FOLDER_PATH=\"$FULL_PRODUCT_NAME\"\n  elif [ -n \"${CONTENTS_FOLDER_PATH:-}\" ]; then\n    export UNLOCALIZED_RESOURCES_FOLDER_PATH=\"$CONTENTS_FOLDER_PATH\"\n  elif [ -n \"${WRAPPER_NAME:-}\" ]; then\n    export UNLOCALIZED_RESOURCES_FOLDER_PATH=\"$WRAPPER_NAME\"\n  else\n    export UNLOCALIZED_RESOURCES_FOLDER_PATH=\"${PRODUCT_NAME:-iosApp}.app\"\n  fi\nfi\n\nif [ -z \"${FRAMEWORKS_FOLDER_PATH:-}\" ] && [ -n \"${UNLOCALIZED_RESOURCES_FOLDER_PATH:-}\" ]; then\n  export FRAMEWORKS_FOLDER_PATH=\"${UNLOCALIZED_RESOURCES_FOLDER_PATH%/}/Frameworks\"\nfi\n\nif [ -z \"${CONFIGURATION:-}\" ]; then\n  if [ -n \"${CONFIG:-}\" ]; then\n    export CONFIGURATION=\"$CONFIG\"\n  elif [ -n \"${BUILD_STYLE:-}\" ]; then\n    export CONFIGURATION=\"$BUILD_STYLE\"\n  else\n    export CONFIGURATION=\"Debug\"\n  fi\nfi\n\necho \"Using Compose env BUILT_PRODUCTS_DIR=${BUILT_PRODUCTS_DIR:-<unset>} UNLOCALIZED_RESOURCES_FOLDER_PATH=${UNLOCALIZED_RESOURCES_FOLDER_PATH:-<unset>}\" >&2\necho \"Using Compose iOS platform=$COMPOSE_PLATFORM archs=$COMPOSE_ARCHS\" >&2\n\nset -- \"./gradlew\"\nif [ -n \"$COMPOSE_PLATFORM\" ]; then\n  set -- \"$@\" \"-Pcompose.ios.resources.platform=$COMPOSE_PLATFORM\"\nfi\nif [ -n \"$COMPOSE_ARCHS\" ]; then\n  set -- \"$@\" \"-Pcompose.ios.resources.archs=$COMPOSE_ARCHS\"\nfi\nset -- \"$@\" \":shared:embedAndSignAppleFrameworkForXcode\"\n\n\"$@\"\n\nDERIVED_DATA_DIR=$(echo \"${TARGET_BUILD_DIR}\" | awk -F'/Build/' '{print $1}')\n\nINDEXER_DATA_DIR=${DERIVED_DATA_DIR}/Index.noindex/Build/Products/Debug-$PLATFORM_NAME\nmkdir -p \"$INDEXER_DATA_DIR\"\n\nFRAMEWORKS_ROOT=\"shared/build/xcode-frameworks/$CONFIGURATION\"\nSOURCE_DIR=\"$FRAMEWORKS_ROOT/$SDK_NAME\"\n\nif [ ! -d \"$SOURCE_DIR\" ]; then\n  SOURCE_DIR=$(find \"$FRAMEWORKS_ROOT\" -maxdepth 1 -type d -name \"${SDK_NAME}*\" -print | head -n1 || true)\nfi\n\nif [ -z \"$SOURCE_DIR\" ] || [ ! -d \"$SOURCE_DIR\" ]; then\n  echo \"ERROR: Unable to locate frameworks for $SDK_NAME in $FRAMEWORKS_ROOT\"\n  exit 1\nfi\n\nrsync -a \"$SOURCE_DIR/\" \"$INDEXER_DATA_DIR/\"\n";
		};
/* End PBXShellScriptBuildPhase section */

/* Begin PBXSourcesBuildPhase section */
		297B59D9CE634556D6007C40 /* Sources */ = {
			isa = PBXSourcesBuildPhase;
			buildActionMask = 2147483647;
			files = (
				FDE52B8D57A097A60A4CF366 /* AppDelegate.swift in Sources */,
				88ABACE0259DE83261737B99 /* SceneDelegate.swift in Sources */,
			);
			runOnlyForDeploymentPostprocessing = 0;
		};
		FB0526852E6E5B6C008B31BB /* Sources */ = {
			isa = PBXSourcesBuildPhase;
			buildActionMask = 2147483647;
			files = (
			);
			runOnlyForDeploymentPostprocessing = 0;
		};
		FB0526952E6E5B6E008B31BB /* Sources */ = {
			isa = PBXSourcesBuildPhase;
			buildActionMask = 2147483647;
			files = (
			);
			runOnlyForDeploymentPostprocessing = 0;
		};
		FB05269F2E6E5B6E008B31BB /* Sources */ = {
			isa = PBXSourcesBuildPhase;
			buildActionMask = 2147483647;
			files = (
			);
			runOnlyForDeploymentPostprocessing = 0;
		};
/* End PBXSourcesBuildPhase section */

/* Begin PBXTargetDependency section */
		FB05269B2E6E5B6E008B31BB /* PBXTargetDependency */ = {
			isa = PBXTargetDependency;
			target = FB0526882E6E5B6C008B31BB /* amazingnote */;
			targetProxy = FB05269A2E6E5B6E008B31BB /* PBXContainerItemProxy */;
		};
		FB0526A52E6E5B6E008B31BB /* PBXTargetDependency */ = {
			isa = PBXTargetDependency;
			target = FB0526882E6E5B6C008B31BB /* amazingnote */;
			targetProxy = FB0526A42E6E5B6E008B31BB /* PBXContainerItemProxy */;
		};
/* End PBXTargetDependency section */

/* Begin XCBuildConfiguration section */
		11814011E7D6EC822BFBC66D /* Release */ = {
			isa = XCBuildConfiguration;
			buildSettings = {
				ALWAYS_SEARCH_USER_PATHS = NO;
				CLANG_ANALYZER_NONNULL = YES;
				CLANG_ANALYZER_NUMBER_OBJECT_CONVERSION = YES_AGGRESSIVE;
				CLANG_CXX_LANGUAGE_STANDARD = "gnu++14";
				CLANG_CXX_LIBRARY = "libc++";
				CLANG_ENABLE_MODULES = YES;
				CLANG_ENABLE_OBJC_ARC = YES;
				CLANG_ENABLE_OBJC_WEAK = YES;
				CLANG_WARN_BLOCK_CAPTURE_AUTORELEASING = YES;
				CLANG_WARN_BOOL_CONVERSION = YES;
				CLANG_WARN_COMMA = YES;
				CLANG_WARN_CONSTANT_CONVERSION = YES;
				CLANG_WARN_DEPRECATED_OBJC_IMPLEMENTATIONS = YES;
				CLANG_WARN_DIRECT_OBJC_ISA_USAGE = YES_ERROR;
				CLANG_WARN_DOCUMENTATION_COMMENTS = YES;
				CLANG_WARN_EMPTY_BODY = YES;
				CLANG_WARN_ENUM_CONVERSION = YES;
				CLANG_WARN_INFINITE_RECURSION = YES;
				CLANG_WARN_INT_CONVERSION = YES;
				CLANG_WARN_NON_LITERAL_NULL_CONVERSION = YES;
				CLANG_WARN_OBJC_IMPLICIT_RETAIN_SELF = YES;
				CLANG_WARN_OBJC_LITERAL_CONVERSION = YES;
				CLANG_WARN_OBJC_ROOT_CLASS = YES_ERROR;
				CLANG_WARN_QUOTED_INCLUDE_IN_FRAMEWORK_HEADER = YES;
				CLANG_WARN_RANGE_LOOP_ANALYSIS = YES;
				CLANG_WARN_STRICT_PROTOTYPES = YES;
				CLANG_WARN_SUSPICIOUS_MOVE = YES;
				CLANG_WARN_UNGUARDED_AVAILABILITY = YES_AGGRESSIVE;
				CLANG_WARN_UNREACHABLE_CODE = YES;
				CLANG_WARN__DUPLICATE_METHOD_MATCH = YES;
				COPY_PHASE_STRIP = NO;
				DEBUG_INFORMATION_FORMAT = "dwarf-with-dsym";
				ENABLE_NS_ASSERTIONS = NO;
				ENABLE_STRICT_OBJC_MSGSEND = YES;
				GCC_C_LANGUAGE_STANDARD = gnu11;
				GCC_NO_COMMON_BLOCKS = YES;
				GCC_WARN_64_TO_32_BIT_CONVERSION = YES;
				GCC_WARN_ABOUT_RETURN_TYPE = YES_ERROR;
				GCC_WARN_UNDECLARED_SELECTOR = YES;
				GCC_WARN_UNINITIALIZED_AUTOS = YES_AGGRESSIVE;
				GCC_WARN_UNUSED_FUNCTION = YES;
				GCC_WARN_UNUSED_VARIABLE = YES;
				IPHONEOS_DEPLOYMENT_TARGET = 14.0;
				MTL_ENABLE_DEBUG_INFO = NO;
				MTL_FAST_MATH = YES;
				PRODUCT_NAME = "$(TARGET_NAME)";
				SDKROOT = iphoneos;
				SWIFT_COMPILATION_MODE = wholemodule;
				SWIFT_OPTIMIZATION_LEVEL = "-O";
				SWIFT_VERSION = 5.0;
			};
			name = Release;
		};
		6C824A6EB4BAD43AE2A4BB29 /* Debug */ = {
			isa = XCBuildConfiguration;
			buildSettings = {
				ALWAYS_SEARCH_USER_PATHS = NO;
				CLANG_ANALYZER_NONNULL = YES;
				CLANG_ANALYZER_NUMBER_OBJECT_CONVERSION = YES_AGGRESSIVE;
				CLANG_CXX_LANGUAGE_STANDARD = "gnu++14";
				CLANG_CXX_LIBRARY = "libc++";
				CLANG_ENABLE_MODULES = YES;
				CLANG_ENABLE_OBJC_ARC = YES;
				CLANG_ENABLE_OBJC_WEAK = YES;
				CLANG_WARN_BLOCK_CAPTURE_AUTORELEASING = YES;
				CLANG_WARN_BOOL_CONVERSION = YES;
				CLANG_WARN_COMMA = YES;
				CLANG_WARN_CONSTANT_CONVERSION = YES;
				CLANG_WARN_DEPRECATED_OBJC_IMPLEMENTATIONS = YES;
				CLANG_WARN_DIRECT_OBJC_ISA_USAGE = YES_ERROR;
				CLANG_WARN_DOCUMENTATION_COMMENTS = YES;
				CLANG_WARN_EMPTY_BODY = YES;
				CLANG_WARN_ENUM_CONVERSION = YES;
				CLANG_WARN_INFINITE_RECURSION = YES;
				CLANG_WARN_INT_CONVERSION = YES;
				CLANG_WARN_NON_LITERAL_NULL_CONVERSION = YES;
				CLANG_WARN_OBJC_IMPLICIT_RETAIN_SELF = YES;
				CLANG_WARN_OBJC_LITERAL_CONVERSION = YES;
				CLANG_WARN_OBJC_ROOT_CLASS = YES_ERROR;
				CLANG_WARN_QUOTED_INCLUDE_IN_FRAMEWORK_HEADER = YES;
				CLANG_WARN_RANGE_LOOP_ANALYSIS = YES;
				CLANG_WARN_STRICT_PROTOTYPES = YES;
				CLANG_WARN_SUSPICIOUS_MOVE = YES;
				CLANG_WARN_UNGUARDED_AVAILABILITY = YES_AGGRESSIVE;
				CLANG_WARN_UNREACHABLE_CODE = YES;
				CLANG_WARN__DUPLICATE_METHOD_MATCH = YES;
				COPY_PHASE_STRIP = NO;
				DEBUG_INFORMATION_FORMAT = dwarf;
				ENABLE_STRICT_OBJC_MSGSEND = YES;
				ENABLE_TESTABILITY = YES;
				GCC_C_LANGUAGE_STANDARD = gnu11;
				GCC_DYNAMIC_NO_PIC = NO;
				GCC_NO_COMMON_BLOCKS = YES;
				GCC_OPTIMIZATION_LEVEL = 0;
				GCC_PREPROCESSOR_DEFINITIONS = (
					"$(inherited)",
					"DEBUG=1",
				);
				GCC_WARN_64_TO_32_BIT_CONVERSION = YES;
				GCC_WARN_ABOUT_RETURN_TYPE = YES_ERROR;
				GCC_WARN_UNDECLARED_SELECTOR = YES;
				GCC_WARN_UNINITIALIZED_AUTOS = YES_AGGRESSIVE;
				GCC_WARN_UNUSED_FUNCTION = YES;
				GCC_WARN_UNUSED_VARIABLE = YES;
				IPHONEOS_DEPLOYMENT_TARGET = 14.0;
				MTL_ENABLE_DEBUG_INFO = INCLUDE_SOURCE;
				MTL_FAST_MATH = YES;
				ONLY_ACTIVE_ARCH = YES;
				PRODUCT_NAME = "$(TARGET_NAME)";
				SDKROOT = iphoneos;
				SWIFT_ACTIVE_COMPILATION_CONDITIONS = DEBUG;
				SWIFT_OPTIMIZATION_LEVEL = "-Onone";
				SWIFT_VERSION = 5.0;
			};
			name = Debug;
		};
		9221A1FDC06803E8A2FC6E61 /* Debug */ = {
			isa = XCBuildConfiguration;
			buildSettings = {
				ASSETCATALOG_COMPILER_APPICON_NAME = AppIcon;
				CODE_SIGN_IDENTITY = "Apple Development";
				CODE_SIGN_STYLE = Automatic;
				DEVELOPMENT_TEAM = L4N9Z3Z82V;
				FRAMEWORK_SEARCH_PATHS = (
					"$(CONFIGURATION_BUILD_DIR)",
					"$(inherited)",
				);
				INFOPLIST_FILE = iosApp/Info.plist;
				IPHONEOS_DEPLOYMENT_TARGET = 14.0;
				LD_RUNPATH_SEARCH_PATHS = (
					"$(inherited)",
					"@executable_path/Frameworks",
				);
				PRODUCT_BUNDLE_IDENTIFIER = com.edufelip.amazingnote.iosApp;
				PROVISIONING_PROFILE_SPECIFIER = "";
				SDKROOT = iphoneos;
				TARGETED_DEVICE_FAMILY = "1,2";
			};
			name = Debug;
		};
		AF835BFF1220CA5AB5B867E4 /* Release */ = {
			isa = XCBuildConfiguration;
			buildSettings = {
				ASSETCATALOG_COMPILER_APPICON_NAME = AppIcon;
				CODE_SIGN_IDENTITY = "Apple Development";
				CODE_SIGN_STYLE = Automatic;
				DEVELOPMENT_TEAM = L4N9Z3Z82V;
				FRAMEWORK_SEARCH_PATHS = (
					"$(CONFIGURATION_BUILD_DIR)",
					"$(inherited)",
				);
				INFOPLIST_FILE = iosApp/Info.plist;
				IPHONEOS_DEPLOYMENT_TARGET = 14.0;
				LD_RUNPATH_SEARCH_PATHS = (
					"$(inherited)",
					"@executable_path/Frameworks",
				);
				PRODUCT_BUNDLE_IDENTIFIER = com.edufelip.amazingnote.iosApp;
				PROVISIONING_PROFILE_SPECIFIER = "";
				SDKROOT = iphoneos;
				TARGETED_DEVICE_FAMILY = "1,2";
			};
			name = Release;
		};
		FB0526AB2E6E5B6E008B31BB /* Debug */ = {
			isa = XCBuildConfiguration;
			buildSettings = {
				ASSETCATALOG_COMPILER_APPICON_NAME = AppIcon;
				ASSETCATALOG_COMPILER_GENERATE_SWIFT_ASSET_SYMBOL_EXTENSIONS = YES;
				ASSETCATALOG_COMPILER_GLOBAL_ACCENT_COLOR_NAME = AccentColor;
				CLANG_CXX_LANGUAGE_STANDARD = "gnu++20";
				CODE_SIGN_ENTITLEMENTS = amazingnote/amazingnote.entitlements;
				CODE_SIGN_STYLE = Automatic;
				CURRENT_PROJECT_VERSION = 1;
				DEVELOPMENT_ASSET_PATHS = "\"amazingnote/Preview Content\"";
				ENABLE_PREVIEWS = YES;
				ENABLE_USER_SCRIPT_SANDBOXING = YES;
				GCC_C_LANGUAGE_STANDARD = gnu17;
				GCC_PREPROCESSOR_DEFINITIONS = (
					"DEBUG=1",
					"$(inherited)",
				);
				GENERATE_INFOPLIST_FILE = YES;
				"INFOPLIST_KEY_UIApplicationSceneManifest_Generation[sdk=iphoneos*]" = YES;
				"INFOPLIST_KEY_UIApplicationSceneManifest_Generation[sdk=iphonesimulator*]" = YES;
				"INFOPLIST_KEY_UIApplicationSupportsIndirectInputEvents[sdk=iphoneos*]" = YES;
				"INFOPLIST_KEY_UIApplicationSupportsIndirectInputEvents[sdk=iphonesimulator*]" = YES;
				"INFOPLIST_KEY_UILaunchScreen_Generation[sdk=iphoneos*]" = YES;
				"INFOPLIST_KEY_UILaunchScreen_Generation[sdk=iphonesimulator*]" = YES;
				"INFOPLIST_KEY_UIStatusBarStyle[sdk=iphoneos*]" = UIStatusBarStyleDefault;
				"INFOPLIST_KEY_UIStatusBarStyle[sdk=iphonesimulator*]" = UIStatusBarStyleDefault;
				INFOPLIST_KEY_UISupportedInterfaceOrientations_iPad = "UIInterfaceOrientationPortrait UIInterfaceOrientationPortraitUpsideDown UIInterfaceOrientationLandscapeLeft UIInterfaceOrientationLandscapeRight";
				INFOPLIST_KEY_UISupportedInterfaceOrientations_iPhone = "UIInterfaceOrientationPortrait UIInterfaceOrientationLandscapeLeft UIInterfaceOrientationLandscapeRight";
				IPHONEOS_DEPLOYMENT_TARGET = 18.1;
				LD_RUNPATH_SEARCH_PATHS = "@executable_path/Frameworks";
				"LD_RUNPATH_SEARCH_PATHS[sdk=macosx*]" = "@executable_path/../Frameworks";
				LOCALIZATION_PREFERS_STRING_CATALOGS = YES;
				MACOSX_DEPLOYMENT_TARGET = 15.1;
				MARKETING_VERSION = 1.0;
				PRODUCT_BUNDLE_IDENTIFIER = com.edufelip.amazingnote;
				PRODUCT_NAME = "$(TARGET_NAME)";
				SDKROOT = auto;
				SUPPORTED_PLATFORMS = "iphoneos iphonesimulator macosx xros xrsimulator";
				SWIFT_ACTIVE_COMPILATION_CONDITIONS = "DEBUG $(inherited)";
				SWIFT_EMIT_LOC_STRINGS = YES;
				SWIFT_VERSION = 5.0;
				TARGETED_DEVICE_FAMILY = "1,2,7";
				XROS_DEPLOYMENT_TARGET = 2.1;
			};
			name = Debug;
		};
		FB0526AC2E6E5B6E008B31BB /* Release */ = {
			isa = XCBuildConfiguration;
			buildSettings = {
				ASSETCATALOG_COMPILER_APPICON_NAME = AppIcon;
				ASSETCATALOG_COMPILER_GENERATE_SWIFT_ASSET_SYMBOL_EXTENSIONS = YES;
				ASSETCATALOG_COMPILER_GLOBAL_ACCENT_COLOR_NAME = AccentColor;
				CLANG_CXX_LANGUAGE_STANDARD = "gnu++20";
				CODE_SIGN_ENTITLEMENTS = amazingnote/amazingnote.entitlements;
				CODE_SIGN_STYLE = Automatic;
				CURRENT_PROJECT_VERSION = 1;
				DEVELOPMENT_ASSET_PATHS = "\"amazingnote/Preview Content\"";
				ENABLE_PREVIEWS = YES;
				ENABLE_USER_SCRIPT_SANDBOXING = YES;
				GCC_C_LANGUAGE_STANDARD = gnu17;
				GENERATE_INFOPLIST_FILE = YES;
				"INFOPLIST_KEY_UIApplicationSceneManifest_Generation[sdk=iphoneos*]" = YES;
				"INFOPLIST_KEY_UIApplicationSceneManifest_Generation[sdk=iphonesimulator*]" = YES;
				"INFOPLIST_KEY_UIApplicationSupportsIndirectInputEvents[sdk=iphoneos*]" = YES;
				"INFOPLIST_KEY_UIApplicationSupportsIndirectInputEvents[sdk=iphonesimulator*]" = YES;
				"INFOPLIST_KEY_UILaunchScreen_Generation[sdk=iphoneos*]" = YES;
				"INFOPLIST_KEY_UILaunchScreen_Generation[sdk=iphonesimulator*]" = YES;
				"INFOPLIST_KEY_UIStatusBarStyle[sdk=iphoneos*]" = UIStatusBarStyleDefault;
				"INFOPLIST_KEY_UIStatusBarStyle[sdk=iphonesimulator*]" = UIStatusBarStyleDefault;
				INFOPLIST_KEY_UISupportedInterfaceOrientations_iPad = "UIInterfaceOrientationPortrait UIInterfaceOrientationPortraitUpsideDown UIInterfaceOrientationLandscapeLeft UIInterfaceOrientationLandscapeRight";
				INFOPLIST_KEY_UISupportedInterfaceOrientations_iPhone = "UIInterfaceOrientationPortrait UIInterfaceOrientationLandscapeLeft UIInterfaceOrientationLandscapeRight";
				IPHONEOS_DEPLOYMENT_TARGET = 18.1;
				LD_RUNPATH_SEARCH_PATHS = "@executable_path/Frameworks";
				"LD_RUNPATH_SEARCH_PATHS[sdk=macosx*]" = "@executable_path/../Frameworks";
				LOCALIZATION_PREFERS_STRING_CATALOGS = YES;
				MACOSX_DEPLOYMENT_TARGET = 15.1;
				MARKETING_VERSION = 1.0;
				PRODUCT_BUNDLE_IDENTIFIER = com.edufelip.amazingnote;
				PRODUCT_NAME = "$(TARGET_NAME)";
				SDKROOT = auto;
				SUPPORTED_PLATFORMS = "iphoneos iphonesimulator macosx xros xrsimulator";
				SWIFT_EMIT_LOC_STRINGS = YES;
				SWIFT_VERSION = 5.0;
				TARGETED_DEVICE_FAMILY = "1,2,7";
				XROS_DEPLOYMENT_TARGET = 2.1;
			};
			name = Release;
		};
		FB0526AD2E6E5B6E008B31BB /* Debug */ = {
			isa = XCBuildConfiguration;
			buildSettings = {
				ASSETCATALOG_COMPILER_GENERATE_SWIFT_ASSET_SYMBOL_EXTENSIONS = YES;
				BUNDLE_LOADER = "$(TEST_HOST)";
				CLANG_CXX_LANGUAGE_STANDARD = "gnu++20";
				CODE_SIGN_STYLE = Automatic;
				CURRENT_PROJECT_VERSION = 1;
				ENABLE_USER_SCRIPT_SANDBOXING = YES;
				GCC_C_LANGUAGE_STANDARD = gnu17;
				GCC_PREPROCESSOR_DEFINITIONS = (
					"DEBUG=1",
					"$(inherited)",
				);
				GENERATE_INFOPLIST_FILE = YES;
				IPHONEOS_DEPLOYMENT_TARGET = 18.1;
				LOCALIZATION_PREFERS_STRING_CATALOGS = YES;
				MACOSX_DEPLOYMENT_TARGET = 15.1;
				MARKETING_VERSION = 1.0;
				PRODUCT_BUNDLE_IDENTIFIER = com.edufelip.amazingnoteTests;
				PRODUCT_NAME = "$(TARGET_NAME)";
				SDKROOT = auto;
				SUPPORTED_PLATFORMS = "iphoneos iphonesimulator macosx xros xrsimulator";
				SWIFT_ACTIVE_COMPILATION_CONDITIONS = "DEBUG $(inherited)";
				SWIFT_EMIT_LOC_STRINGS = NO;
				SWIFT_VERSION = 5.0;
				TARGETED_DEVICE_FAMILY = "1,2,7";
				TEST_HOST = "$(BUILT_PRODUCTS_DIR)/amazingnote.app/$(BUNDLE_EXECUTABLE_FOLDER_PATH)/amazingnote";
				XROS_DEPLOYMENT_TARGET = 2.1;
			};
			name = Debug;
		};
		FB0526AE2E6E5B6E008B31BB /* Release */ = {
			isa = XCBuildConfiguration;
			buildSettings = {
				ASSETCATALOG_COMPILER_GENERATE_SWIFT_ASSET_SYMBOL_EXTENSIONS = YES;
				BUNDLE_LOADER = "$(TEST_HOST)";
				CLANG_CXX_LANGUAGE_STANDARD = "gnu++20";
				CODE_SIGN_STYLE = Automatic;
				CURRENT_PROJECT_VERSION = 1;
				ENABLE_USER_SCRIPT_SANDBOXING = YES;
				GCC_C_LANGUAGE_STANDARD = gnu17;
				GENERATE_INFOPLIST_FILE = YES;
				IPHONEOS_DEPLOYMENT_TARGET = 18.1;
				LOCALIZATION_PREFERS_STRING_CATALOGS = YES;
				MACOSX_DEPLOYMENT_TARGET = 15.1;
				MARKETING_VERSION = 1.0;
				PRODUCT_BUNDLE_IDENTIFIER = com.edufelip.amazingnoteTests;
				PRODUCT_NAME = "$(TARGET_NAME)";
				SDKROOT = auto;
				SUPPORTED_PLATFORMS = "iphoneos iphonesimulator macosx xros xrsimulator";
				SWIFT_EMIT_LOC_STRINGS = NO;
				SWIFT_VERSION = 5.0;
				TARGETED_DEVICE_FAMILY = "1,2,7";
				TEST_HOST = "$(BUILT_PRODUCTS_DIR)/amazingnote.app/$(BUNDLE_EXECUTABLE_FOLDER_PATH)/amazingnote";
				XROS_DEPLOYMENT_TARGET = 2.1;
			};
			name = Release;
		};
		FB0526AF2E6E5B6E008B31BB /* Debug */ = {
			isa = XCBuildConfiguration;
			buildSettings = {
				ASSETCATALOG_COMPILER_GENERATE_SWIFT_ASSET_SYMBOL_EXTENSIONS = YES;
				CLANG_CXX_LANGUAGE_STANDARD = "gnu++20";
				CODE_SIGN_STYLE = Automatic;
				CURRENT_PROJECT_VERSION = 1;
				ENABLE_USER_SCRIPT_SANDBOXING = YES;
				GCC_C_LANGUAGE_STANDARD = gnu17;
				GCC_PREPROCESSOR_DEFINITIONS = (
					"DEBUG=1",
					"$(inherited)",
				);
				GENERATE_INFOPLIST_FILE = YES;
				IPHONEOS_DEPLOYMENT_TARGET = 18.1;
				LOCALIZATION_PREFERS_STRING_CATALOGS = YES;
				MACOSX_DEPLOYMENT_TARGET = 15.1;
				MARKETING_VERSION = 1.0;
				PRODUCT_BUNDLE_IDENTIFIER = com.edufelip.amazingnoteUITests;
				PRODUCT_NAME = "$(TARGET_NAME)";
				SDKROOT = auto;
				SUPPORTED_PLATFORMS = "iphoneos iphonesimulator macosx xros xrsimulator";
				SWIFT_ACTIVE_COMPILATION_CONDITIONS = "DEBUG $(inherited)";
				SWIFT_EMIT_LOC_STRINGS = NO;
				SWIFT_VERSION = 5.0;
				TARGETED_DEVICE_FAMILY = "1,2,7";
				TEST_TARGET_NAME = amazingnote;
				XROS_DEPLOYMENT_TARGET = 2.1;
			};
			name = Debug;
		};
		FB0526B02E6E5B6E008B31BB /* Release */ = {
			isa = XCBuildConfiguration;
			buildSettings = {
				ASSETCATALOG_COMPILER_GENERATE_SWIFT_ASSET_SYMBOL_EXTENSIONS = YES;
				CLANG_CXX_LANGUAGE_STANDARD = "gnu++20";
				CODE_SIGN_STYLE = Automatic;
				CURRENT_PROJECT_VERSION = 1;
				ENABLE_USER_SCRIPT_SANDBOXING = YES;
				GCC_C_LANGUAGE_STANDARD = gnu17;
				GENERATE_INFOPLIST_FILE = YES;
				IPHONEOS_DEPLOYMENT_TARGET = 18.1;
				LOCALIZATION_PREFERS_STRING_CATALOGS = YES;
				MACOSX_DEPLOYMENT_TARGET = 15.1;
				MARKETING_VERSION = 1.0;
				PRODUCT_BUNDLE_IDENTIFIER = com.edufelip.amazingnoteUITests;
				PRODUCT_NAME = "$(TARGET_NAME)";
				SDKROOT = auto;
				SUPPORTED_PLATFORMS = "iphoneos iphonesimulator macosx xros xrsimulator";
				SWIFT_EMIT_LOC_STRINGS = NO;
				SWIFT_VERSION = 5.0;
				TARGETED_DEVICE_FAMILY = "1,2,7";
				TEST_TARGET_NAME = amazingnote;
				XROS_DEPLOYMENT_TARGET = 2.1;
			};
			name = Release;
		};
/* End XCBuildConfiguration section */

/* Begin XCConfigurationList section */
		29DCA9F0B3A40325067EB163 /* Build configuration list for PBXNativeTarget "iosApp" */ = {
			isa = XCConfigurationList;
			buildConfigurations = (
				9221A1FDC06803E8A2FC6E61 /* Debug */,
				AF835BFF1220CA5AB5B867E4 /* Release */,
			);
			defaultConfigurationIsVisible = 0;
			defaultConfigurationName = Debug;
		};
		FB0526B12E6E5B6E008B31BB /* Build configuration list for PBXNativeTarget "amazingnote" */ = {
			isa = XCConfigurationList;
			buildConfigurations = (
				FB0526AB2E6E5B6E008B31BB /* Debug */,
				FB0526AC2E6E5B6E008B31BB /* Release */,
			);
			defaultConfigurationIsVisible = 0;
			defaultConfigurationName = Debug;
		};
		FB0526B22E6E5B6E008B31BB /* Build configuration list for PBXNativeTarget "amazingnoteTests" */ = {
			isa = XCConfigurationList;
			buildConfigurations = (
				FB0526AD2E6E5B6E008B31BB /* Debug */,
				FB0526AE2E6E5B6E008B31BB /* Release */,
			);
			defaultConfigurationIsVisible = 0;
			defaultConfigurationName = Debug;
		};
		FB0526B32E6E5B6E008B31BB /* Build configuration list for PBXNativeTarget "amazingnoteUITests" */ = {
			isa = XCConfigurationList;
			buildConfigurations = (
				FB0526AF2E6E5B6E008B31BB /* Debug */,
				FB0526B02E6E5B6E008B31BB /* Release */,
			);
			defaultConfigurationIsVisible = 0;
			defaultConfigurationName = Debug;
		};
		FF7CA1CA754D017066F1822F /* Build configuration list for PBXProject "iosApp" */ = {
			isa = XCConfigurationList;
			buildConfigurations = (
				6C824A6EB4BAD43AE2A4BB29 /* Debug */,
				11814011E7D6EC822BFBC66D /* Release */,
			);
			defaultConfigurationIsVisible = 0;
			defaultConfigurationName = Debug;
		};
/* End XCConfigurationList section */

/* Begin XCRemoteSwiftPackageReference section */
		FB21EC012EA1502200207E53 /* XCRemoteSwiftPackageReference "firebase-ios-sdk" */ = {
			isa = XCRemoteSwiftPackageReference;
			repositoryURL = "https://github.com/firebase/firebase-ios-sdk";
			requirement = {
				kind = upToNextMajorVersion;
				minimumVersion = 12.4.0;
			};
		};
		FB3B66B72EA5408000EBB707 /* XCRemoteSwiftPackageReference "GoogleSignIn-iOS" */ = {
			isa = XCRemoteSwiftPackageReference;
			repositoryURL = "https://github.com/google/GoogleSignIn-iOS";
			requirement = {
				kind = upToNextMajorVersion;
				minimumVersion = 9.0.0;
			};
		};
		FB56E8582E9C6B73006AFD41 /* XCRemoteSwiftPackageReference "PhoneNumberKit" */ = {
			isa = XCRemoteSwiftPackageReference;
			repositoryURL = "https://github.com/marmelroy/PhoneNumberKit.git";
			requirement = {
				kind = upToNextMajorVersion;
				minimumVersion = 4.1.4;
			};
		};
/* End XCRemoteSwiftPackageReference section */

/* Begin XCSwiftPackageProductDependency section */
		FB110FEC2EA1509700F11279 /* FirebaseAI */ = {
			isa = XCSwiftPackageProductDependency;
			package = FB21EC012EA1502200207E53 /* XCRemoteSwiftPackageReference "firebase-ios-sdk" */;
			productName = FirebaseAI;
		};
		FB110FEE2EA1509700F11279 /* FirebaseAnalytics */ = {
			isa = XCSwiftPackageProductDependency;
			package = FB21EC012EA1502200207E53 /* XCRemoteSwiftPackageReference "firebase-ios-sdk" */;
			productName = FirebaseAnalytics;
		};
		FB110FF02EA1509700F11279 /* FirebaseAnalyticsCore */ = {
			isa = XCSwiftPackageProductDependency;
			package = FB21EC012EA1502200207E53 /* XCRemoteSwiftPackageReference "firebase-ios-sdk" */;
			productName = FirebaseAnalyticsCore;
		};
		FB110FF22EA1509700F11279 /* FirebaseAnalyticsIdentitySupport */ = {
			isa = XCSwiftPackageProductDependency;
			package = FB21EC012EA1502200207E53 /* XCRemoteSwiftPackageReference "firebase-ios-sdk" */;
			productName = FirebaseAnalyticsIdentitySupport;
		};
		FB110FF42EA1509700F11279 /* FirebaseAppCheck */ = {
			isa = XCSwiftPackageProductDependency;
			package = FB21EC012EA1502200207E53 /* XCRemoteSwiftPackageReference "firebase-ios-sdk" */;
			productName = FirebaseAppCheck;
		};
		FB110FF62EA150E100F11279 /* FirebaseAI */ = {
			isa = XCSwiftPackageProductDependency;
			package = FB21EC012EA1502200207E53 /* XCRemoteSwiftPackageReference "firebase-ios-sdk" */;
			productName = FirebaseAI;
		};
		FB110FF82EA150E100F11279 /* FirebaseAnalytics */ = {
			isa = XCSwiftPackageProductDependency;
			package = FB21EC012EA1502200207E53 /* XCRemoteSwiftPackageReference "firebase-ios-sdk" */;
			productName = FirebaseAnalytics;
		};
		FB110FFA2EA150E100F11279 /* FirebaseAnalyticsCore */ = {
			isa = XCSwiftPackageProductDependency;
			package = FB21EC012EA1502200207E53 /* XCRemoteSwiftPackageReference "firebase-ios-sdk" */;
			productName = FirebaseAnalyticsCore;
		};
		FB110FFC2EA150E100F11279 /* FirebaseAnalyticsIdentitySupport */ = {
			isa = XCSwiftPackageProductDependency;
			package = FB21EC012EA1502200207E53 /* XCRemoteSwiftPackageReference "firebase-ios-sdk" */;
			productName = FirebaseAnalyticsIdentitySupport;
		};
		FB110FFE2EA150E100F11279 /* FirebaseAppCheck */ = {
			isa = XCSwiftPackageProductDependency;
			package = FB21EC012EA1502200207E53 /* XCRemoteSwiftPackageReference "firebase-ios-sdk" */;
			productName = FirebaseAppCheck;
		};
		FB21EC022EA1502200207E53 /* FirebaseAnalyticsCore */ = {
			isa = XCSwiftPackageProductDependency;
			package = FB21EC012EA1502200207E53 /* XCRemoteSwiftPackageReference "firebase-ios-sdk" */;
			productName = FirebaseAnalyticsCore;
		};
		FB3B669F2EA5404600EBB707 /* FirebaseAppDistribution-Beta */ = {
			isa = XCSwiftPackageProductDependency;
			productName = "FirebaseAppDistribution-Beta";
		};
		FB3B66A12EA5404600EBB707 /* FirebaseAuth */ = {
			isa = XCSwiftPackageProductDependency;
			productName = FirebaseAuth;
		};
		FB3B66A32EA5404600EBB707 /* FirebaseCore */ = {
			isa = XCSwiftPackageProductDependency;
			productName = FirebaseCore;
		};
		FB3B66A52EA5404600EBB707 /* FirebaseCrashlytics */ = {
			isa = XCSwiftPackageProductDependency;
			productName = FirebaseCrashlytics;
		};
		FB3B66A72EA5404600EBB707 /* FirebaseFirestore */ = {
			isa = XCSwiftPackageProductDependency;
			productName = FirebaseFirestore;
		};
		FB3B66A92EA5404600EBB707 /* FirebaseFirestoreCombine-Community */ = {
			isa = XCSwiftPackageProductDependency;
			productName = "FirebaseFirestoreCombine-Community";
		};
		FB3B66AB2EA5404600EBB707 /* FirebaseInAppMessaging-Beta */ = {
			isa = XCSwiftPackageProductDependency;
			productName = "FirebaseInAppMessaging-Beta";
		};
		FB3B66AD2EA5404600EBB707 /* FirebaseMessaging */ = {
			isa = XCSwiftPackageProductDependency;
			productName = FirebaseMessaging;
		};
		FB3B66AF2EA5404600EBB707 /* FirebasePerformance */ = {
			isa = XCSwiftPackageProductDependency;
			productName = FirebasePerformance;
		};
		FB3B66B12EA5404600EBB707 /* FirebaseRemoteConfig */ = {
			isa = XCSwiftPackageProductDependency;
			productName = FirebaseRemoteConfig;
		};
		FB3B66B32EA5404600EBB707 /* FirebaseStorage */ = {
			isa = XCSwiftPackageProductDependency;
			productName = FirebaseStorage;
		};
		FB3B66B52EA5404600EBB707 /* FirebaseStorageCombine-Community */ = {
			isa = XCSwiftPackageProductDependency;
			productName = "FirebaseStorageCombine-Community";
		};
		FB3B66B82EA5408000EBB707 /* GoogleSignIn */ = {
			isa = XCSwiftPackageProductDependency;
			package = FB3B66B72EA5408000EBB707 /* XCRemoteSwiftPackageReference "GoogleSignIn-iOS" */;
			productName = GoogleSignIn;
		};
		FB3B66BA2EA5408000EBB707 /* GoogleSignInSwift */ = {
			isa = XCSwiftPackageProductDependency;
			package = FB3B66B72EA5408000EBB707 /* XCRemoteSwiftPackageReference "GoogleSignIn-iOS" */;
			productName = GoogleSignInSwift;
		};
		FBB6D9CE2EA69C2A004A20DC /* FirebaseCore */ = {
			isa = XCSwiftPackageProductDependency;
			productName = FirebaseCore;
		};
/* End XCSwiftPackageProductDependency section */
	};
	rootObject = 242FB5348943441C388468CE /* Project object */;
}
