// !$*UTF8*$!
{
	archiveVersion = 1;
	classes = {
	};
	objectVersion = 63;
	objects = {

/* Begin PBXBuildFile section */
		1C81D6F669B7BB6D2FFCCEB3 /* FirebaseAuth in Frameworks */ = {isa = PBXBuildFile; productRef = 617043448F4869026C2F0BB4 /* FirebaseAuth */; };
		379D4C6DBBA934A8EF44CDDE /* GoogleSignIn in Frameworks */ = {isa = PBXBuildFile; productRef = B6E18E1D8AEE3BF1FDA1E5E9 /* GoogleSignIn */; };
		445C052442747365B7CB2124 /* FirebaseFirestore in Frameworks */ = {isa = PBXBuildFile; productRef = 84FCD721953CC33D9035BCCD /* FirebaseFirestore */; };
		6F26ACE1E3C90FD234DE7A46 /* AppMain.swift in Sources */ = {isa = PBXBuildFile; fileRef = C678D2A4430FF615DBC7217B /* AppMain.swift */; };
		88ABACE0259DE83261737B99 /* SceneDelegate.swift in Sources */ = {isa = PBXBuildFile; fileRef = 1285E8A7B7E7359EA11B9591 /* SceneDelegate.swift */; };
		99D2B24B2F3E0A6D00C2D875 /* Assets.xcassets in Resources */ = {isa = PBXBuildFile; fileRef = 99D2B24A2F3E0A6D00C2D875 /* Assets.xcassets */; };
		B7C4F6137AC8345E71E92063 /* FirebaseStorage in Frameworks */ = {isa = PBXBuildFile; productRef = A61EAF9635BFCCA5966D2AE0 /* FirebaseStorage */; };
		C87B4FA04BDA1DA04158D48E /* GoogleService-Info.plist in Resources */ = {isa = PBXBuildFile; fileRef = A55143988C4C8F291BE72E9A /* GoogleService-Info.plist */; };
		F6407843737A5AC3042BDDF5 /* LiquidRoot.swift in Sources */ = {isa = PBXBuildFile; fileRef = BDC2B4ED6760D21408C91A4A /* LiquidRoot.swift */; };
		F7C33B50A94DA01F2E82C280 /* libsqlite3.tbd in Frameworks */ = {isa = PBXBuildFile; fileRef = 245434685F34A9A15B1AC406 /* libsqlite3.tbd */; };
		FB0A0DBD2EBA95660061D43C /* FirebaseCrashlytics in Frameworks */ = {isa = PBXBuildFile; productRef = FB0A0DBC2EBA95660061D43C /* FirebaseCrashlytics */; };
		FB1CE39A2EBD251F0050A069 /* FirebaseCore in Frameworks */ = {isa = PBXBuildFile; productRef = FB1CE3992EBD251F0050A069 /* FirebaseCore */; };
		FB1CE39C2EBD251F0050A069 /* FirebaseCrashlytics in Frameworks */ = {isa = PBXBuildFile; productRef = FB1CE39B2EBD251F0050A069 /* FirebaseCrashlytics */; };
		FB1CE39E2EBD26100050A069 /* FirebaseAppDistribution-Beta in Frameworks */ = {isa = PBXBuildFile; productRef = FB1CE39D2EBD26100050A069 /* FirebaseAppDistribution-Beta */; };
		FB1CE3A02EBD26100050A069 /* FirebaseCore in Frameworks */ = {isa = PBXBuildFile; productRef = FB1CE39F2EBD26100050A069 /* FirebaseCore */; };
		FB1CE3A22EBD26100050A069 /* FirebaseCrashlytics in Frameworks */ = {isa = PBXBuildFile; productRef = FB1CE3A12EBD26100050A069 /* FirebaseCrashlytics */; };
		FB29B48F2ED3A27C003F04CC /* note_cipher_ios.c in Sources */ = {isa = PBXBuildFile; fileRef = FB29B48D2ED3A27C003F04CC /* note_cipher_ios.c */; };
		FB613E562EBA80C700CBDFF5 /* FirebaseDatabase in Frameworks */ = {isa = PBXBuildFile; productRef = FB613E552EBA80C700CBDFF5 /* FirebaseDatabase */; };
		FBD7CB772EBD1D1300B7209A /* FirebaseAppCheck in Frameworks */ = {isa = PBXBuildFile; productRef = FBD7CB762EBD1D1300B7209A /* FirebaseAppCheck */; };
		FBD7CB792EBD1D1300B7209A /* FirebaseAppDistribution-Beta in Frameworks */ = {isa = PBXBuildFile; productRef = FBD7CB782EBD1D1300B7209A /* FirebaseAppDistribution-Beta */; };
		FBD7CB7B2EBD1D1300B7209A /* FirebaseCore in Frameworks */ = {isa = PBXBuildFile; productRef = FBD7CB7A2EBD1D1300B7209A /* FirebaseCore */; };
		FBD7CB7D2EBD1D1300B7209A /* FirebaseCrashlytics in Frameworks */ = {isa = PBXBuildFile; productRef = FBD7CB7C2EBD1D1300B7209A /* FirebaseCrashlytics */; };
		FBD7CB7F2EBD1D1300B7209A /* FirebasePerformance in Frameworks */ = {isa = PBXBuildFile; productRef = FBD7CB7E2EBD1D1300B7209A /* FirebasePerformance */; };
		FBD7CB812EBD1D1300B7209A /* FirebaseRemoteConfig in Frameworks */ = {isa = PBXBuildFile; productRef = FBD7CB802EBD1D1300B7209A /* FirebaseRemoteConfig */; };
		FDE52B8D57A097A60A4CF366 /* AppDelegate.swift in Sources */ = {isa = PBXBuildFile; fileRef = 8B6C1F485E0CF8BB70C9DDD2 /* AppDelegate.swift */; };
/* End PBXBuildFile section */

/* Begin PBXFileReference section */
		1285E8A7B7E7359EA11B9591 /* SceneDelegate.swift */ = {isa = PBXFileReference; lastKnownFileType = sourcecode.swift; path = SceneDelegate.swift; sourceTree = "<group>"; };
		245434685F34A9A15B1AC406 /* libsqlite3.tbd */ = {isa = PBXFileReference; lastKnownFileType = "sourcecode.text-based-dylib-definition"; name = libsqlite3.tbd; path = usr/lib/libsqlite3.tbd; sourceTree = SDKROOT; };
		86038AE1032E284E79B32AD6 /* iosApp.app */ = {isa = PBXFileReference; explicitFileType = wrapper.application; includeInIndex = 0; path = iosApp.app; sourceTree = BUILT_PRODUCTS_DIR; };
		8B6C1F485E0CF8BB70C9DDD2 /* AppDelegate.swift */ = {isa = PBXFileReference; lastKnownFileType = sourcecode.swift; path = AppDelegate.swift; sourceTree = "<group>"; };
		99D2B24A2F3E0A6D00C2D875 /* Assets.xcassets */ = {isa = PBXFileReference; lastKnownFileType = folder.assetcatalog; path = Assets.xcassets; sourceTree = "<group>"; };
		A55143988C4C8F291BE72E9A /* GoogleService-Info.plist */ = {isa = PBXFileReference; lastKnownFileType = text.plist; path = "GoogleService-Info.plist"; sourceTree = "<group>"; };
		BDC2B4ED6760D21408C91A4A /* LiquidRoot.swift */ = {isa = PBXFileReference; lastKnownFileType = sourcecode.swift; path = LiquidRoot.swift; sourceTree = "<group>"; };
		C678D2A4430FF615DBC7217B /* AppMain.swift */ = {isa = PBXFileReference; lastKnownFileType = sourcecode.swift; path = AppMain.swift; sourceTree = "<group>"; };
		FB29B48C2ED3A22F003F04CC /* iosApp-Bridging-Header.h */ = {isa = PBXFileReference; lastKnownFileType = sourcecode.c.h; path = "iosApp-Bridging-Header.h"; sourceTree = "<group>"; };
		FB29B48D2ED3A27C003F04CC /* note_cipher_ios.c */ = {isa = PBXFileReference; lastKnownFileType = sourcecode.c.c; name = note_cipher_ios.c; path = ../shared/src/nativeInterop/cinterop/note_cipher_ios.c; sourceTree = SOURCE_ROOT; };
		FB29B48E2ED3A27C003F04CC /* NoteCipherBridge.h */ = {isa = PBXFileReference; lastKnownFileType = sourcecode.c.h; name = NoteCipherBridge.h; path = ../shared/src/nativeInterop/cinterop/NoteCipherBridge.h; sourceTree = SOURCE_ROOT; };
		FB54EE8E2EB2691B007A2F0E /* ComposeApp.framework */ = {isa = PBXFileReference; lastKnownFileType = wrapper.framework; path = ComposeApp.framework; sourceTree = "<group>"; };
		FB54EE912EB2696A007A2F0E /* ComposeApp.framework */ = {isa = PBXFileReference; lastKnownFileType = wrapper.framework; path = ComposeApp.framework; sourceTree = "<group>"; };
		FB8480A72EEF0BD700F646F0 /* iosApp.entitlements */ = {isa = PBXFileReference; lastKnownFileType = text.plist.entitlements; path = iosApp.entitlements; sourceTree = "<group>"; };
/* End PBXFileReference section */

/* Begin PBXFrameworksBuildPhase section */
		EF8A6E9BFD470986D9D5C9B5 /* Frameworks */ = {
			isa = PBXFrameworksBuildPhase;
			buildActionMask = 2147483647;
			files = (
				FBD7CB772EBD1D1300B7209A /* FirebaseAppCheck in Frameworks */,
				FB613E562EBA80C700CBDFF5 /* FirebaseDatabase in Frameworks */,
				FB1CE3A02EBD26100050A069 /* FirebaseCore in Frameworks */,
				FBD7CB7F2EBD1D1300B7209A /* FirebasePerformance in Frameworks */,
				1C81D6F669B7BB6D2FFCCEB3 /* FirebaseAuth in Frameworks */,
				FB1CE39A2EBD251F0050A069 /* FirebaseCore in Frameworks */,
				445C052442747365B7CB2124 /* FirebaseFirestore in Frameworks */,
				FB0A0DBD2EBA95660061D43C /* FirebaseCrashlytics in Frameworks */,
				FB1CE39E2EBD26100050A069 /* FirebaseAppDistribution-Beta in Frameworks */,
				FBD7CB7D2EBD1D1300B7209A /* FirebaseCrashlytics in Frameworks */,
				B7C4F6137AC8345E71E92063 /* FirebaseStorage in Frameworks */,
				FBD7CB7B2EBD1D1300B7209A /* FirebaseCore in Frameworks */,
				379D4C6DBBA934A8EF44CDDE /* GoogleSignIn in Frameworks */,
				FBD7CB812EBD1D1300B7209A /* FirebaseRemoteConfig in Frameworks */,
				FB1CE39C2EBD251F0050A069 /* FirebaseCrashlytics in Frameworks */,
				FB1CE3A22EBD26100050A069 /* FirebaseCrashlytics in Frameworks */,
				F7C33B50A94DA01F2E82C280 /* libsqlite3.tbd in Frameworks */,
				FBD7CB792EBD1D1300B7209A /* FirebaseAppDistribution-Beta in Frameworks */,
			);
			runOnlyForDeploymentPostprocessing = 0;
		};
/* End PBXFrameworksBuildPhase section */

/* Begin PBXGroup section */
		1DB4B685CAEE8BEFEBBAEF94 /* iosApp */ = {
			isa = PBXGroup;
			children = (
				FB8480A72EEF0BD700F646F0 /* iosApp.entitlements */,
				8B6C1F485E0CF8BB70C9DDD2 /* AppDelegate.swift */,
				C678D2A4430FF615DBC7217B /* AppMain.swift */,
				A55143988C4C8F291BE72E9A /* GoogleService-Info.plist */,
				BDC2B4ED6760D21408C91A4A /* LiquidRoot.swift */,
				1285E8A7B7E7359EA11B9591 /* SceneDelegate.swift */,
				99D2B24A2F3E0A6D00C2D875 /* Assets.xcassets */,
			);
			name = iosApp;
			path = ../iosApp/iosApp;
			sourceTree = "<group>";
		};
		3666012298E772D226418813 /* Frameworks */ = {
			isa = PBXGroup;
			children = (
				FB54EE8F2EB2691B007A2F0E /* iphonesimulator */,
				245434685F34A9A15B1AC406 /* libsqlite3.tbd */,
			);
			name = Frameworks;
			sourceTree = "<group>";
		};
		38B69C3F79CD97858CF7B609 = {
			isa = PBXGroup;
			children = (
				FB29B48D2ED3A27C003F04CC /* note_cipher_ios.c */,
				FB29B48E2ED3A27C003F04CC /* NoteCipherBridge.h */,
				FB54EE922EB2696A007A2F0E /* iphonesimulator */,
				1DB4B685CAEE8BEFEBBAEF94 /* iosApp */,
				3666012298E772D226418813 /* Frameworks */,
				94C98B8B3A2BFC1966447269 /* Products */,
				FB29B48C2ED3A22F003F04CC /* iosApp-Bridging-Header.h */,
			);
			sourceTree = "<group>";
		};
		94C98B8B3A2BFC1966447269 /* Products */ = {
			isa = PBXGroup;
			children = (
				86038AE1032E284E79B32AD6 /* iosApp.app */,
			);
			name = Products;
			sourceTree = "<group>";
		};
		FB54EE8F2EB2691B007A2F0E /* iphonesimulator */ = {
			isa = PBXGroup;
			children = (
				FB54EE8E2EB2691B007A2F0E /* ComposeApp.framework */,
			);
			name = iphonesimulator;
			path = "../shared/build/xcode-frameworks/Debug/iphonesimulator";
			sourceTree = "<group>";
		};
		FB54EE922EB2696A007A2F0E /* iphonesimulator */ = {
			isa = PBXGroup;
			children = (
				FB54EE912EB2696A007A2F0E /* ComposeApp.framework */,
			);
			name = iphonesimulator;
			path = "../shared/build/xcode-frameworks/Debug/iphonesimulator";
			sourceTree = "<group>";
		};
/* End PBXGroup section */

/* Begin PBXNativeTarget section */
		78B53CC79860CBFC2F5543C6 /* iosApp */ = {
			isa = PBXNativeTarget;
			buildConfigurationList = 29DCA9F0B3A40325067EB163 /* Build configuration list for PBXNativeTarget "iosApp" */;
			buildPhases = (
				FB54EE932EB26976007A2F0E /* Compile Kotlin Framework */,
				297B59D9CE634556D6007C40 /* Sources */,
				1623B02D10928C8101C1F806 /* Resources */,
				EF8A6E9BFD470986D9D5C9B5 /* Frameworks */,
			);
			buildRules = (
			);
			dependencies = (
			);
			name = iosApp;
			packageProductDependencies = (
				617043448F4869026C2F0BB4 /* FirebaseAuth */,
				84FCD721953CC33D9035BCCD /* FirebaseFirestore */,
				A61EAF9635BFCCA5966D2AE0 /* FirebaseStorage */,
				B6E18E1D8AEE3BF1FDA1E5E9 /* GoogleSignIn */,
				FB613E552EBA80C700CBDFF5 /* FirebaseDatabase */,
				FB0A0DBC2EBA95660061D43C /* FirebaseCrashlytics */,
				FBD7CB762EBD1D1300B7209A /* FirebaseAppCheck */,
				FBD7CB782EBD1D1300B7209A /* FirebaseAppDistribution-Beta */,
				FBD7CB7A2EBD1D1300B7209A /* FirebaseCore */,
				FBD7CB7C2EBD1D1300B7209A /* FirebaseCrashlytics */,
				FBD7CB7E2EBD1D1300B7209A /* FirebasePerformance */,
				FBD7CB802EBD1D1300B7209A /* FirebaseRemoteConfig */,
				FB1CE3992EBD251F0050A069 /* FirebaseCore */,
				FB1CE39B2EBD251F0050A069 /* FirebaseCrashlytics */,
				FB1CE39D2EBD26100050A069 /* FirebaseAppDistribution-Beta */,
				FB1CE39F2EBD26100050A069 /* FirebaseCore */,
				FB1CE3A12EBD26100050A069 /* FirebaseCrashlytics */,
			);
			productName = iosApp;
			productReference = 86038AE1032E284E79B32AD6 /* iosApp.app */;
			productType = "com.apple.product-type.application";
		};
/* End PBXNativeTarget section */

/* Begin PBXProject section */
		242FB5348943441C388468CE /* Project object */ = {
			isa = PBXProject;
			attributes = {
				BuildIndependentTargetsInParallel = YES;
				LastUpgradeCheck = 1430;
				TargetAttributes = {
					78B53CC79860CBFC2F5543C6 = {
						LastSwiftMigration = 2600;
					};
				};
			};
			buildConfigurationList = FF7CA1CA754D017066F1822F /* Build configuration list for PBXProject "iosApp" */;
			compatibilityVersion = "Xcode 14.0";
			developmentRegion = en;
			hasScannedForEncodings = 0;
			knownRegions = (
				Base,
				en,
			);
			mainGroup = 38B69C3F79CD97858CF7B609;
			minimizedProjectReferenceProxies = 1;
			packageReferences = (
				7C4F1707FE80007C7DCEAE3C /* XCRemoteSwiftPackageReference "firebase-ios-sdk" */,
				DF1BCD5B98717A06C1B5AE17 /* XCRemoteSwiftPackageReference "GoogleSignIn-iOS" */,
			);
			projectDirPath = "";
			projectRoot = "";
			targets = (
				78B53CC79860CBFC2F5543C6 /* iosApp */,
			);
		};
/* End PBXProject section */

/* Begin PBXResourcesBuildPhase section */
		1623B02D10928C8101C1F806 /* Resources */ = {
			isa = PBXResourcesBuildPhase;
			buildActionMask = 2147483647;
			files = (
				99D2B24B2F3E0A6D00C2D875 /* Assets.xcassets in Resources */,
				C87B4FA04BDA1DA04158D48E /* GoogleService-Info.plist in Resources */,
			);
			runOnlyForDeploymentPostprocessing = 0;
		};
/* End PBXResourcesBuildPhase section */

/* Begin PBXShellScriptBuildPhase section */
		FB54EE932EB26976007A2F0E /* Compile Kotlin Framework */ = {
			isa = PBXShellScriptBuildPhase;
			alwaysOutOfDate = 1;
			buildActionMask = 2147483647;
			files = (
			);
			inputFileListPaths = (
			);
			inputPaths = (
			);
			name = "Compile Kotlin Framework";
			outputFileListPaths = (
			);
			outputPaths = (
			);
			runOnlyForDeploymentPostprocessing = 0;
			shellPath = /bin/sh;
			shellScript = "if [ \"YES\" = \"$OVERRIDE_KOTLIN_BUILD_IDE_SUPPORTED\" ]; then\n  echo \"Skipping Gradle build task invocation due to OVERRIDE_KOTLIN_BUILD_IDE_SUPPORTED environment variable set to \\\"YES\\\"\"\n  exit 0\nfi\ncd \"$SRCROOT/..\"\n./gradlew :composeApp:embedAndSignAppleFrameworkForXcode\n";
		};
/* End PBXShellScriptBuildPhase section */

/* Begin PBXSourcesBuildPhase section */
		297B59D9CE634556D6007C40 /* Sources */ = {
			isa = PBXSourcesBuildPhase;
			buildActionMask = 2147483647;
			files = (
				FDE52B8D57A097A60A4CF366 /* AppDelegate.swift in Sources */,
				6F26ACE1E3C90FD234DE7A46 /* AppMain.swift in Sources */,
				FB29B48F2ED3A27C003F04CC /* note_cipher_ios.c in Sources */,
				F6407843737A5AC3042BDDF5 /* LiquidRoot.swift in Sources */,
				88ABACE0259DE83261737B99 /* SceneDelegate.swift in Sources */,
			);
			runOnlyForDeploymentPostprocessing = 0;
		};
/* End PBXSourcesBuildPhase section */

/* Begin XCBuildConfiguration section */
		11814011E7D6EC822BFBC66D /* Release */ = {
			isa = XCBuildConfiguration;
			buildSettings = {
				ALWAYS_SEARCH_USER_PATHS = NO;
				CLANG_ANALYZER_NONNULL = YES;
				CLANG_ANALYZER_NUMBER_OBJECT_CONVERSION = YES_AGGRESSIVE;
				CLANG_CXX_LANGUAGE_STANDARD = "gnu++14";
				CLANG_CXX_LIBRARY = "libc++";
				CLANG_ENABLE_MODULES = YES;
				CLANG_ENABLE_OBJC_ARC = YES;
				CLANG_ENABLE_OBJC_WEAK = YES;
				CLANG_WARN_BLOCK_CAPTURE_AUTORELEASING = YES;
				CLANG_WARN_BOOL_CONVERSION = YES;
				CLANG_WARN_COMMA = YES;
				CLANG_WARN_CONSTANT_CONVERSION = YES;
				CLANG_WARN_DEPRECATED_OBJC_IMPLEMENTATIONS = YES;
				CLANG_WARN_DIRECT_OBJC_ISA_USAGE = YES_ERROR;
				CLANG_WARN_DOCUMENTATION_COMMENTS = YES;
				CLANG_WARN_EMPTY_BODY = YES;
				CLANG_WARN_ENUM_CONVERSION = YES;
				CLANG_WARN_INFINITE_RECURSION = YES;
				CLANG_WARN_INT_CONVERSION = YES;
				CLANG_WARN_NON_LITERAL_NULL_CONVERSION = YES;
				CLANG_WARN_OBJC_IMPLICIT_RETAIN_SELF = YES;
				CLANG_WARN_OBJC_LITERAL_CONVERSION = YES;
				CLANG_WARN_OBJC_ROOT_CLASS = YES_ERROR;
				CLANG_WARN_QUOTED_INCLUDE_IN_FRAMEWORK_HEADER = YES;
				CLANG_WARN_RANGE_LOOP_ANALYSIS = YES;
				CLANG_WARN_STRICT_PROTOTYPES = YES;
				CLANG_WARN_SUSPICIOUS_MOVE = YES;
				CLANG_WARN_UNGUARDED_AVAILABILITY = YES_AGGRESSIVE;
				CLANG_WARN_UNREACHABLE_CODE = YES;
				CLANG_WARN__DUPLICATE_METHOD_MATCH = YES;
				COPY_PHASE_STRIP = NO;
				DEBUG_INFORMATION_FORMAT = "dwarf-with-dsym";
				ENABLE_NS_ASSERTIONS = NO;
				ENABLE_STRICT_OBJC_MSGSEND = YES;
				GCC_C_LANGUAGE_STANDARD = gnu11;
				GCC_NO_COMMON_BLOCKS = YES;
				GCC_WARN_64_TO_32_BIT_CONVERSION = YES;
				GCC_WARN_ABOUT_RETURN_TYPE = YES_ERROR;
				GCC_WARN_UNDECLARED_SELECTOR = YES;
				GCC_WARN_UNINITIALIZED_AUTOS = YES_AGGRESSIVE;
				GCC_WARN_UNUSED_FUNCTION = YES;
				GCC_WARN_UNUSED_VARIABLE = YES;
				IPHONEOS_DEPLOYMENT_TARGET = 16.0;
				MTL_ENABLE_DEBUG_INFO = NO;
				MTL_FAST_MATH = YES;
				PRODUCT_NAME = "$(TARGET_NAME)";
				SDKROOT = iphoneos;
				SWIFT_COMPILATION_MODE = wholemodule;
				SWIFT_OPTIMIZATION_LEVEL = "-O";
				SWIFT_VERSION = 5.0;
			};
			name = Release;
		};
		6C824A6EB4BAD43AE2A4BB29 /* Debug */ = {
			isa = XCBuildConfiguration;
			buildSettings = {
				ALWAYS_SEARCH_USER_PATHS = NO;
				CLANG_ANALYZER_NONNULL = YES;
				CLANG_ANALYZER_NUMBER_OBJECT_CONVERSION = YES_AGGRESSIVE;
				CLANG_CXX_LANGUAGE_STANDARD = "gnu++14";
				CLANG_CXX_LIBRARY = "libc++";
				CLANG_ENABLE_MODULES = YES;
				CLANG_ENABLE_OBJC_ARC = YES;
				CLANG_ENABLE_OBJC_WEAK = YES;
				CLANG_WARN_BLOCK_CAPTURE_AUTORELEASING = YES;
				CLANG_WARN_BOOL_CONVERSION = YES;
				CLANG_WARN_COMMA = YES;
				CLANG_WARN_CONSTANT_CONVERSION = YES;
				CLANG_WARN_DEPRECATED_OBJC_IMPLEMENTATIONS = YES;
				CLANG_WARN_DIRECT_OBJC_ISA_USAGE = YES_ERROR;
				CLANG_WARN_DOCUMENTATION_COMMENTS = YES;
				CLANG_WARN_EMPTY_BODY = YES;
				CLANG_WARN_ENUM_CONVERSION = YES;
				CLANG_WARN_INFINITE_RECURSION = YES;
				CLANG_WARN_INT_CONVERSION = YES;
				CLANG_WARN_NON_LITERAL_NULL_CONVERSION = YES;
				CLANG_WARN_OBJC_IMPLICIT_RETAIN_SELF = YES;
				CLANG_WARN_OBJC_LITERAL_CONVERSION = YES;
				CLANG_WARN_OBJC_ROOT_CLASS = YES_ERROR;
				CLANG_WARN_QUOTED_INCLUDE_IN_FRAMEWORK_HEADER = YES;
				CLANG_WARN_RANGE_LOOP_ANALYSIS = YES;
				CLANG_WARN_STRICT_PROTOTYPES = YES;
				CLANG_WARN_SUSPICIOUS_MOVE = YES;
				CLANG_WARN_UNGUARDED_AVAILABILITY = YES_AGGRESSIVE;
				CLANG_WARN_UNREACHABLE_CODE = YES;
				CLANG_WARN__DUPLICATE_METHOD_MATCH = YES;
				COPY_PHASE_STRIP = NO;
				DEBUG_INFORMATION_FORMAT = dwarf;
				ENABLE_STRICT_OBJC_MSGSEND = YES;
				ENABLE_TESTABILITY = YES;
				GCC_C_LANGUAGE_STANDARD = gnu11;
				GCC_DYNAMIC_NO_PIC = NO;
				GCC_NO_COMMON_BLOCKS = YES;
				GCC_OPTIMIZATION_LEVEL = 0;
				GCC_PREPROCESSOR_DEFINITIONS = (
					"$(inherited)",
					"DEBUG=1",
				);
				GCC_WARN_64_TO_32_BIT_CONVERSION = YES;
				GCC_WARN_ABOUT_RETURN_TYPE = YES_ERROR;
				GCC_WARN_UNDECLARED_SELECTOR = YES;
				GCC_WARN_UNINITIALIZED_AUTOS = YES_AGGRESSIVE;
				GCC_WARN_UNUSED_FUNCTION = YES;
				GCC_WARN_UNUSED_VARIABLE = YES;
				IPHONEOS_DEPLOYMENT_TARGET = 16.0;
				MTL_ENABLE_DEBUG_INFO = INCLUDE_SOURCE;
				MTL_FAST_MATH = YES;
				ONLY_ACTIVE_ARCH = YES;
				PRODUCT_NAME = "$(TARGET_NAME)";
				SDKROOT = iphoneos;
				SWIFT_ACTIVE_COMPILATION_CONDITIONS = DEBUG;
				SWIFT_OPTIMIZATION_LEVEL = "-Onone";
				SWIFT_VERSION = 5.0;
			};
			name = Debug;
		};
		9221A1FDC06803E8A2FC6E61 /* Debug */ = {
			isa = XCBuildConfiguration;
			buildSettings = {
				ASSETCATALOG_COMPILER_APPICON_NAME = AppIcon;
				CLANG_ENABLE_MODULES = YES;
				CODE_SIGN_ENTITLEMENTS = iosApp/iosApp.entitlements;
				"CODE_SIGN_IDENTITY[sdk=iphoneos*]" = "iPhone Distribution";
				CODE_SIGN_STYLE = Manual;
				DEVELOPMENT_TEAM = "";
				"DEVELOPMENT_TEAM[sdk=iphoneos*]" = L4N9Z3Z82V;
				"EXCLUDED_ARCHS[sdk=iphonesimulator*]" = x86_64;
				FRAMEWORK_SEARCH_PATHS = "\" $(SRCROOT)/../shared/build/xcode-frameworks/$(CONFIGURATION)/$(PLATFORM_NAME)\"";
				"FRAMEWORK_SEARCH_PATHS[arch=*]" = " $(SRCROOT)/../shared/build/xcode-frameworks/$(CONFIGURATION)/$(PLATFORM_NAME)\n";
				"FRAMEWORK_SEARCH_PATHS[sdk=iphoneos*]" = (
					"$(inherited)",
					"$(CONFIGURATION_BUILD_DIR)",
					"$(SRCROOT)/../shared/build/xcode-frameworks/$(CONFIGURATION)/$(PLATFORM_NAME)",
				);
				"FRAMEWORK_SEARCH_PATHS[sdk=iphonesimulator*]" = (
					"$(inherited)",
					"$(CONFIGURATION_BUILD_DIR)",
					"$(SRCROOT)/../shared/build/xcode-frameworks/$(CONFIGURATION)/$(PLATFORM_NAME)",
				);
				INFOPLIST_FILE = iosApp/Info.plist;
				INFOPLIST_KEY_CFBundleDisplayName = "Amazing Note";
				INFOPLIST_KEY_LSApplicationCategoryType = "public.app-category.utilities";
				IPHONEOS_DEPLOYMENT_TARGET = 16.0;
				LD_RUNPATH_SEARCH_PATHS = (
					"$(inherited)",
					"@executable_path/Frameworks",
				);
				OTHER_LDFLAGS = (
					"$(inherited)",
					"-framework",
					ComposeApp,
				);
				PRODUCT_BUNDLE_IDENTIFIER = com.edufelip.amazingnote;
				PROVISIONING_PROFILE_SPECIFIER = "";
				"PROVISIONING_PROFILE_SPECIFIER[sdk=iphoneos*]" = "edufelip-amazingnote";
				SDKROOT = iphoneos;
				SWIFT_OBJC_BRIDGING_HEADER = "iosApp-Bridging-Header.h";
				SWIFT_OPTIMIZATION_LEVEL = "-Onone";
				SWIFT_VERSION = 6.0;
				TARGETED_DEVICE_FAMILY = "1,2";
			};
			name = Debug;
		};
		AF835BFF1220CA5AB5B867E4 /* Release */ = {
			isa = XCBuildConfiguration;
			buildSettings = {
				ASSETCATALOG_COMPILER_APPICON_NAME = AppIcon;
				CLANG_ENABLE_MODULES = YES;
				CODE_SIGN_ENTITLEMENTS = iosApp/iosApp.entitlements;
				CODE_SIGN_IDENTITY = "Apple Distribution";
				"CODE_SIGN_IDENTITY[sdk=iphoneos*]" = "iPhone Distribution";
				DEVELOPMENT_TEAM = L4N9Z3Z82V;
				"DEVELOPMENT_TEAM[sdk=iphoneos*]" = L4N9Z3Z82V;
				"EXCLUDED_ARCHS[sdk=iphonesimulator*]" = x86_64;
				FRAMEWORK_SEARCH_PATHS = "\" $(SRCROOT)/../shared/build/xcode-frameworks/$(CONFIGURATION)/$(PLATFORM_NAME)\"";
				"FRAMEWORK_SEARCH_PATHS[arch=*]" = " $(SRCROOT)/../shared/build/xcode-frameworks/$(CONFIGURATION)/$(PLATFORM_NAME)\n";
				"FRAMEWORK_SEARCH_PATHS[sdk=iphoneos*]" = (
					"$(inherited)",
					"$(CONFIGURATION_BUILD_DIR)",
					"$(SRCROOT)/../shared/build/xcode-frameworks/$(CONFIGURATION)/$(PLATFORM_NAME)",
				);
				"FRAMEWORK_SEARCH_PATHS[sdk=iphonesimulator*]" = (
					"$(inherited)",
					"$(CONFIGURATION_BUILD_DIR)",
					"$(SRCROOT)/../shared/build/xcode-frameworks/$(CONFIGURATION)/$(PLATFORM_NAME)",
				);
				INFOPLIST_FILE = iosApp/Info.plist;
				INFOPLIST_KEY_CFBundleDisplayName = "Amazing Note";
				INFOPLIST_KEY_LSApplicationCategoryType = "public.app-category.utilities";
				IPHONEOS_DEPLOYMENT_TARGET = 16.0;
				LD_RUNPATH_SEARCH_PATHS = (
					"$(inherited)",
					"@executable_path/Frameworks",
				);
				OTHER_LDFLAGS = (
					"$(inherited)",
					"-framework",
					ComposeApp,
				);
				PRODUCT_BUNDLE_IDENTIFIER = com.edufelip.amazingnote;
				PROVISIONING_PROFILE_SPECIFIER = "";
				"PROVISIONING_PROFILE_SPECIFIER[sdk=iphoneos*]" = "edufelip-amazingnote";
				SDKROOT = iphoneos;
				SWIFT_OBJC_BRIDGING_HEADER = "iosApp-Bridging-Header.h";
				SWIFT_VERSION = 6.0;
				TARGETED_DEVICE_FAMILY = "1,2";
			};
			name = Release;
		};
/* End XCBuildConfiguration section */

/* Begin XCConfigurationList section */
		29DCA9F0B3A40325067EB163 /* Build configuration list for PBXNativeTarget "iosApp" */ = {
			isa = XCConfigurationList;
			buildConfigurations = (
				9221A1FDC06803E8A2FC6E61 /* Debug */,
				AF835BFF1220CA5AB5B867E4 /* Release */,
			);
			defaultConfigurationIsVisible = 0;
			defaultConfigurationName = Debug;
		};
		FF7CA1CA754D017066F1822F /* Build configuration list for PBXProject "iosApp" */ = {
			isa = XCConfigurationList;
			buildConfigurations = (
				6C824A6EB4BAD43AE2A4BB29 /* Debug */,
				11814011E7D6EC822BFBC66D /* Release */,
			);
			defaultConfigurationIsVisible = 0;
			defaultConfigurationName = Debug;
		};
/* End XCConfigurationList section */

/* Begin XCRemoteSwiftPackageReference section */
		7C4F1707FE80007C7DCEAE3C /* XCRemoteSwiftPackageReference "firebase-ios-sdk" */ = {
			isa = XCRemoteSwiftPackageReference;
			repositoryURL = "https://github.com/firebase/firebase-ios-sdk";
			requirement = {
				kind = upToNextMajorVersion;
				minimumVersion = 12.4.0;
			};
		};
		DF1BCD5B98717A06C1B5AE17 /* XCRemoteSwiftPackageReference "GoogleSignIn-iOS" */ = {
			isa = XCRemoteSwiftPackageReference;
			repositoryURL = "https://github.com/google/GoogleSignIn-iOS";
			requirement = {
				kind = upToNextMajorVersion;
				minimumVersion = 9.0.0;
			};
		};
/* End XCRemoteSwiftPackageReference section */

/* Begin XCSwiftPackageProductDependency section */
		617043448F4869026C2F0BB4 /* FirebaseAuth */ = {
			isa = XCSwiftPackageProductDependency;
			package = 7C4F1707FE80007C7DCEAE3C /* XCRemoteSwiftPackageReference "firebase-ios-sdk" */;
			productName = FirebaseAuth;
		};
		84FCD721953CC33D9035BCCD /* FirebaseFirestore */ = {
			isa = XCSwiftPackageProductDependency;
			package = 7C4F1707FE80007C7DCEAE3C /* XCRemoteSwiftPackageReference "firebase-ios-sdk" */;
			productName = FirebaseFirestore;
		};
		A61EAF9635BFCCA5966D2AE0 /* FirebaseStorage */ = {
			isa = XCSwiftPackageProductDependency;
			package = 7C4F1707FE80007C7DCEAE3C /* XCRemoteSwiftPackageReference "firebase-ios-sdk" */;
			productName = FirebaseStorage;
		};
		B6E18E1D8AEE3BF1FDA1E5E9 /* GoogleSignIn */ = {
			isa = XCSwiftPackageProductDependency;
			package = DF1BCD5B98717A06C1B5AE17 /* XCRemoteSwiftPackageReference "GoogleSignIn-iOS" */;
			productName = GoogleSignIn;
		};
		FB0A0DBC2EBA95660061D43C /* FirebaseCrashlytics */ = {
			isa = XCSwiftPackageProductDependency;
			productName = FirebaseCrashlytics;
		};
		FB1CE3992EBD251F0050A069 /* FirebaseCore */ = {
			isa = XCSwiftPackageProductDependency;
			productName = FirebaseCore;
		};
		FB1CE39B2EBD251F0050A069 /* FirebaseCrashlytics */ = {
			isa = XCSwiftPackageProductDependency;
			productName = FirebaseCrashlytics;
		};
		FB1CE39D2EBD26100050A069 /* FirebaseAppDistribution-Beta */ = {
			isa = XCSwiftPackageProductDependency;
			productName = "FirebaseAppDistribution-Beta";
		};
		FB1CE39F2EBD26100050A069 /* FirebaseCore */ = {
			isa = XCSwiftPackageProductDependency;
			productName = FirebaseCore;
		};
		FB1CE3A12EBD26100050A069 /* FirebaseCrashlytics */ = {
			isa = XCSwiftPackageProductDependency;
			productName = FirebaseCrashlytics;
		};
		FB613E552EBA80C700CBDFF5 /* FirebaseDatabase */ = {
			isa = XCSwiftPackageProductDependency;
			productName = FirebaseDatabase;
		};
		FBD7CB762EBD1D1300B7209A /* FirebaseAppCheck */ = {
			isa = XCSwiftPackageProductDependency;
			productName = FirebaseAppCheck;
		};
		FBD7CB782EBD1D1300B7209A /* FirebaseAppDistribution-Beta */ = {
			isa = XCSwiftPackageProductDependency;
			productName = "FirebaseAppDistribution-Beta";
		};
		FBD7CB7A2EBD1D1300B7209A /* FirebaseCore */ = {
			isa = XCSwiftPackageProductDependency;
			productName = FirebaseCore;
		};
		FBD7CB7C2EBD1D1300B7209A /* FirebaseCrashlytics */ = {
			isa = XCSwiftPackageProductDependency;
			productName = FirebaseCrashlytics;
		};
		FBD7CB7E2EBD1D1300B7209A /* FirebasePerformance */ = {
			isa = XCSwiftPackageProductDependency;
			productName = FirebasePerformance;
		};
		FBD7CB802EBD1D1300B7209A /* FirebaseRemoteConfig */ = {
			isa = XCSwiftPackageProductDependency;
			productName = FirebaseRemoteConfig;
		};
/* End XCSwiftPackageProductDependency section */
	};
	rootObject = 242FB5348943441C388468CE /* Project object */;
}
